
Microsoft Visual Studio Solution File, Format Version 12.00
# Visual Studio Version 17
VisualStudioVersion = 17.3.32825.248
MinimumVisualStudioVersion = 10.0.40219.1
Project("{FAE04EC0-301F-11D3-BF4B-00C04F79EFBC}") = "Gyakrolas5", "Gyakrolas5\Gyakrolas5.csproj", "{663D3BB3-B8F9-4B05-B44C-9F3BDE8F9A55}"
EndProject
Global
	GlobalSection(SolutionConfigurationPlatforms) = preSolution
		Debug|Any CPU = Debug|Any CPU
		Release|Any CPU = Release|Any CPU
	EndGlobalSection
	GlobalSection(ProjectConfigurationPlatforms) = postSolution
		{663D3BB3-B8F9-4B05-B44C-9F3BDE8F9A55}.Debug|Any CPU.ActiveCfg = Debug|Any CPU
		{663D3BB3-B8F9-4B05-B44C-9F3BDE8F9A55}.Debug|Any CPU.Build.0 = Debug|Any CPU
		{663D3BB3-B8F9-4B05-B44C-9F3BDE8F9A55}.Release|Any CPU.ActiveCfg = Release|Any CPU
		{663D3BB3-B8F9-4B05-B44C-9F3BDE8F9A55}.Release|Any CPU.Build.0 = Release|Any CPU
	EndGlobalSection
	GlobalSection(SolutionProperties) = preSolution
		HideSolutionNode = FALSE
	EndGlobalSection
	GlobalSection(ExtensibilityGlobals) = postSolution
		SolutionGuid = {8853554F-74EE-4D2B-ACFD-7C384E28C5C3}
	EndGlobalSection
EndGlobal
