
Microsoft Visual Studio Solution File, Format Version 12.00
# Visual Studio Version 17
VisualStudioVersion = 17.8.34525.116
MinimumVisualStudioVersion = 10.0.40219.1
Project("{FAE04EC0-301F-11D3-BF4B-00C04F79EFBC}") = "interface_gyakorlás", "interface_gyakorlás\interface_gyakorlás.csproj", "{E2865807-BBD1-4F21-B6AA-C1DD495279B6}"
EndProject
Global
	GlobalSection(SolutionConfigurationPlatforms) = preSolution
		Debug|Any CPU = Debug|Any CPU
		Release|Any CPU = Release|Any CPU
	EndGlobalSection
	GlobalSection(ProjectConfigurationPlatforms) = postSolution
		{E2865807-BBD1-4F21-B6AA-C1DD495279B6}.Debug|Any CPU.ActiveCfg = Debug|Any CPU
		{E2865807-BBD1-4F21-B6AA-C1DD495279B6}.Debug|Any CPU.Build.0 = Debug|Any CPU
		{E2865807-BBD1-4F21-B6AA-C1DD495279B6}.Release|Any CPU.ActiveCfg = Release|Any CPU
		{E2865807-BBD1-4F21-B6AA-C1DD495279B6}.Release|Any CPU.Build.0 = Release|Any CPU
	EndGlobalSection
	GlobalSection(SolutionProperties) = preSolution
		HideSolutionNode = FALSE
	EndGlobalSection
	GlobalSection(ExtensibilityGlobals) = postSolution
		SolutionGuid = {EA279CC8-9DAD-4614-A5C0-BFBDC87CF576}
	EndGlobalSection
EndGlobal
