
Microsoft Visual Studio Solution File, Format Version 12.00
# Visual Studio Version 17
VisualStudioVersion = 17.7.34031.279
MinimumVisualStudioVersion = 10.0.40219.1
Project("{FAE04EC0-301F-11D3-BF4B-00C04F79EFBC}") = "WpfApp1", "WpfApp1\WpfApp1.csproj", "{B43ECA3C-046D-4846-8762-442EBC57150E}"
EndProject
Global
	GlobalSection(SolutionConfigurationPlatforms) = preSolution
		Debug|Any CPU = Debug|Any CPU
		Release|Any CPU = Release|Any CPU
	EndGlobalSection
	GlobalSection(ProjectConfigurationPlatforms) = postSolution
		{B43ECA3C-046D-4846-8762-442EBC57150E}.Debug|Any CPU.ActiveCfg = Debug|Any CPU
		{B43ECA3C-046D-4846-8762-442EBC57150E}.Debug|Any CPU.Build.0 = Debug|Any CPU
		{B43ECA3C-046D-4846-8762-442EBC57150E}.Release|Any CPU.ActiveCfg = Release|Any CPU
		{B43ECA3C-046D-4846-8762-442EBC57150E}.Release|Any CPU.Build.0 = Release|Any CPU
	EndGlobalSection
	GlobalSection(SolutionProperties) = preSolution
		HideSolutionNode = FALSE
	EndGlobalSection
	GlobalSection(ExtensibilityGlobals) = postSolution
		SolutionGuid = {59B2E71E-4CC3-4A3C-8DEC-F3864FA94D0F}
	EndGlobalSection
EndGlobal
