
Microsoft Visual Studio Solution File, Format Version 12.00
# Visual Studio Version 17
VisualStudioVersion = 17.3.32825.248
MinimumVisualStudioVersion = 10.0.40219.1
Project("{FAE04EC0-301F-11D3-BF4B-00C04F79EFBC}") = "Not a Virus", "Not a Virus\Not a Virus.csproj", "{DC8B2679-D481-4295-ACCA-B04B63C4669C}"
EndProject
Global
	GlobalSection(SolutionConfigurationPlatforms) = preSolution
		Debug|Any CPU = Debug|Any CPU
		Release|Any CPU = Release|Any CPU
	EndGlobalSection
	GlobalSection(ProjectConfigurationPlatforms) = postSolution
		{DC8B2679-D481-4295-ACCA-B04B63C4669C}.Debug|Any CPU.ActiveCfg = Debug|Any CPU
		{DC8B2679-D481-4295-ACCA-B04B63C4669C}.Debug|Any CPU.Build.0 = Debug|Any CPU
		{DC8B2679-D481-4295-ACCA-B04B63C4669C}.Release|Any CPU.ActiveCfg = Release|Any CPU
		{DC8B2679-D481-4295-ACCA-B04B63C4669C}.Release|Any CPU.Build.0 = Release|Any CPU
	EndGlobalSection
	GlobalSection(SolutionProperties) = preSolution
		HideSolutionNode = FALSE
	EndGlobalSection
	GlobalSection(ExtensibilityGlobals) = postSolution
		SolutionGuid = {F2565334-D896-44FA-9BC7-93D3CC129856}
	EndGlobalSection
EndGlobal
