
Microsoft Visual Studio Solution File, Format Version 12.00
# Visual Studio Version 17
VisualStudioVersion = 17.7.34031.279
MinimumVisualStudioVersion = 10.0.40219.1
Project("{FAE04EC0-301F-11D3-BF4B-00C04F79EFBC}") = "oop1", "oop1\oop1.csproj", "{7835DCE9-63AC-4BE3-9803-9B953B78AED0}"
EndProject
Global
	GlobalSection(SolutionConfigurationPlatforms) = preSolution
		Debug|Any CPU = Debug|Any CPU
		Release|Any CPU = Release|Any CPU
	EndGlobalSection
	GlobalSection(ProjectConfigurationPlatforms) = postSolution
		{7835DCE9-63AC-4BE3-9803-9B953B78AED0}.Debug|Any CPU.ActiveCfg = Debug|Any CPU
		{7835DCE9-63AC-4BE3-9803-9B953B78AED0}.Debug|Any CPU.Build.0 = Debug|Any CPU
		{7835DCE9-63AC-4BE3-9803-9B953B78AED0}.Release|Any CPU.ActiveCfg = Release|Any CPU
		{7835DCE9-63AC-4BE3-9803-9B953B78AED0}.Release|Any CPU.Build.0 = Release|Any CPU
	EndGlobalSection
	GlobalSection(SolutionProperties) = preSolution
		HideSolutionNode = FALSE
	EndGlobalSection
	GlobalSection(ExtensibilityGlobals) = postSolution
		SolutionGuid = {70618343-47E7-43F2-B0A7-A95895696163}
	EndGlobalSection
EndGlobal
