
Microsoft Visual Studio Solution File, Format Version 12.00
# Visual Studio Version 17
VisualStudioVersion = 17.9.34622.214
MinimumVisualStudioVersion = 10.0.40219.1
Project("{FAE04EC0-301F-11D3-BF4B-00C04F79EFBC}") = "konyvtar", "konyvtar\konyvtar.csproj", "{937F6199-9D7E-4C88-B2A5-639E3175AB7D}"
EndProject
Global
	GlobalSection(SolutionConfigurationPlatforms) = preSolution
		Debug|Any CPU = Debug|Any CPU
		Release|Any CPU = Release|Any CPU
	EndGlobalSection
	GlobalSection(ProjectConfigurationPlatforms) = postSolution
		{937F6199-9D7E-4C88-B2A5-639E3175AB7D}.Debug|Any CPU.ActiveCfg = Debug|Any CPU
		{937F6199-9D7E-4C88-B2A5-639E3175AB7D}.Debug|Any CPU.Build.0 = Debug|Any CPU
		{937F6199-9D7E-4C88-B2A5-639E3175AB7D}.Release|Any CPU.ActiveCfg = Release|Any CPU
		{937F6199-9D7E-4C88-B2A5-639E3175AB7D}.Release|Any CPU.Build.0 = Release|Any CPU
	EndGlobalSection
	GlobalSection(SolutionProperties) = preSolution
		HideSolutionNode = FALSE
	EndGlobalSection
	GlobalSection(ExtensibilityGlobals) = postSolution
		SolutionGuid = {E0D9BAB0-BA4B-40BF-90B1-2CFF0FEC4165}
	EndGlobalSection
EndGlobal
