
Microsoft Visual Studio Solution File, Format Version 12.00
# Visual Studio Version 17
VisualStudioVersion = 17.3.32825.248
MinimumVisualStudioVersion = 10.0.40219.1
Project("{FAE04EC0-301F-11D3-BF4B-00C04F79EFBC}") = "Gyakorlas2", "Gyakorlas2\Gyakorlas2.csproj", "{C62EF622-5D20-4BDF-AF45-030AB886D575}"
EndProject
Global
	GlobalSection(SolutionConfigurationPlatforms) = preSolution
		Debug|Any CPU = Debug|Any CPU
		Release|Any CPU = Release|Any CPU
	EndGlobalSection
	GlobalSection(ProjectConfigurationPlatforms) = postSolution
		{C62EF622-5D20-4BDF-AF45-030AB886D575}.Debug|Any CPU.ActiveCfg = Debug|Any CPU
		{C62EF622-5D20-4BDF-AF45-030AB886D575}.Debug|Any CPU.Build.0 = Debug|Any CPU
		{C62EF622-5D20-4BDF-AF45-030AB886D575}.Release|Any CPU.ActiveCfg = Release|Any CPU
		{C62EF622-5D20-4BDF-AF45-030AB886D575}.Release|Any CPU.Build.0 = Release|Any CPU
	EndGlobalSection
	GlobalSection(SolutionProperties) = preSolution
		HideSolutionNode = FALSE
	EndGlobalSection
	GlobalSection(ExtensibilityGlobals) = postSolution
		SolutionGuid = {86982CD2-E746-4040-8111-1DA6CDF272D7}
	EndGlobalSection
EndGlobal
