
Microsoft Visual Studio Solution File, Format Version 12.00
# Visual Studio Version 17
VisualStudioVersion = 17.6.33723.286
MinimumVisualStudioVersion = 10.0.40219.1
Project("{FAE04EC0-301F-11D3-BF4B-00C04F79EFBC}") = "csakugy2", "csakugy2\csakugy2.csproj", "{AFF4E8F9-0429-4C3D-9E84-154E0B858F20}"
EndProject
Global
	GlobalSection(SolutionConfigurationPlatforms) = preSolution
		Debug|Any CPU = Debug|Any CPU
		Release|Any CPU = Release|Any CPU
	EndGlobalSection
	GlobalSection(ProjectConfigurationPlatforms) = postSolution
		{AFF4E8F9-0429-4C3D-9E84-154E0B858F20}.Debug|Any CPU.ActiveCfg = Debug|Any CPU
		{AFF4E8F9-0429-4C3D-9E84-154E0B858F20}.Debug|Any CPU.Build.0 = Debug|Any CPU
		{AFF4E8F9-0429-4C3D-9E84-154E0B858F20}.Release|Any CPU.ActiveCfg = Release|Any CPU
		{AFF4E8F9-0429-4C3D-9E84-154E0B858F20}.Release|Any CPU.Build.0 = Release|Any CPU
	EndGlobalSection
	GlobalSection(SolutionProperties) = preSolution
		HideSolutionNode = FALSE
	EndGlobalSection
	GlobalSection(ExtensibilityGlobals) = postSolution
		SolutionGuid = {8E2DCD83-84B9-4E7F-B1D9-EC073644661F}
	EndGlobalSection
EndGlobal
