
Microsoft Visual Studio Solution File, Format Version 12.00
# Visual Studio Version 17
VisualStudioVersion = 17.7.34031.279
MinimumVisualStudioVersion = 10.0.40219.1
Project("{FAE04EC0-301F-11D3-BF4B-00C04F79EFBC}") = "delegate1", "delegate1\delegate1.csproj", "{ED90E773-9FA2-4CBC-AB2D-36F051E52510}"
EndProject
Global
	GlobalSection(SolutionConfigurationPlatforms) = preSolution
		Debug|Any CPU = Debug|Any CPU
		Release|Any CPU = Release|Any CPU
	EndGlobalSection
	GlobalSection(ProjectConfigurationPlatforms) = postSolution
		{ED90E773-9FA2-4CBC-AB2D-36F051E52510}.Debug|Any CPU.ActiveCfg = Debug|Any CPU
		{ED90E773-9FA2-4CBC-AB2D-36F051E52510}.Debug|Any CPU.Build.0 = Debug|Any CPU
		{ED90E773-9FA2-4CBC-AB2D-36F051E52510}.Release|Any CPU.ActiveCfg = Release|Any CPU
		{ED90E773-9FA2-4CBC-AB2D-36F051E52510}.Release|Any CPU.Build.0 = Release|Any CPU
	EndGlobalSection
	GlobalSection(SolutionProperties) = preSolution
		HideSolutionNode = FALSE
	EndGlobalSection
	GlobalSection(ExtensibilityGlobals) = postSolution
		SolutionGuid = {F62FD266-40BD-4713-9AE5-6CC12AF72401}
	EndGlobalSection
EndGlobal
