
Microsoft Visual Studio Solution File, Format Version 12.00
# Visual Studio Version 17
VisualStudioVersion = 17.7.34031.279
MinimumVisualStudioVersion = 10.0.40219.1
Project("{FAE04EC0-301F-11D3-BF4B-00C04F79EFBC}") = "orokles", "orokles\orokles.csproj", "{9C1CBA05-11FB-40FB-9343-2E422C79EB5C}"
EndProject
Global
	GlobalSection(SolutionConfigurationPlatforms) = preSolution
		Debug|Any CPU = Debug|Any CPU
		Release|Any CPU = Release|Any CPU
	EndGlobalSection
	GlobalSection(ProjectConfigurationPlatforms) = postSolution
		{9C1CBA05-11FB-40FB-9343-2E422C79EB5C}.Debug|Any CPU.ActiveCfg = Debug|Any CPU
		{9C1CBA05-11FB-40FB-9343-2E422C79EB5C}.Debug|Any CPU.Build.0 = Debug|Any CPU
		{9C1CBA05-11FB-40FB-9343-2E422C79EB5C}.Release|Any CPU.ActiveCfg = Release|Any CPU
		{9C1CBA05-11FB-40FB-9343-2E422C79EB5C}.Release|Any CPU.Build.0 = Release|Any CPU
	EndGlobalSection
	GlobalSection(SolutionProperties) = preSolution
		HideSolutionNode = FALSE
	EndGlobalSection
	GlobalSection(ExtensibilityGlobals) = postSolution
		SolutionGuid = {744A8B7E-2E60-4E42-9574-2CB705D86AAB}
	EndGlobalSection
EndGlobal
