
Microsoft Visual Studio Solution File, Format Version 12.00
# Visual Studio Version 17
VisualStudioVersion = 17.7.34031.279
MinimumVisualStudioVersion = 10.0.40219.1
Project("{FAE04EC0-301F-11D3-BF4B-00C04F79EFBC}") = "osszegzes", "osszegzes\osszegzes.csproj", "{9588D815-C79A-4360-9789-DEB5FC557FEF}"
EndProject
Global
	GlobalSection(SolutionConfigurationPlatforms) = preSolution
		Debug|Any CPU = Debug|Any CPU
		Release|Any CPU = Release|Any CPU
	EndGlobalSection
	GlobalSection(ProjectConfigurationPlatforms) = postSolution
		{9588D815-C79A-4360-9789-DEB5FC557FEF}.Debug|Any CPU.ActiveCfg = Debug|Any CPU
		{9588D815-C79A-4360-9789-DEB5FC557FEF}.Debug|Any CPU.Build.0 = Debug|Any CPU
		{9588D815-C79A-4360-9789-DEB5FC557FEF}.Release|Any CPU.ActiveCfg = Release|Any CPU
		{9588D815-C79A-4360-9789-DEB5FC557FEF}.Release|Any CPU.Build.0 = Release|Any CPU
	EndGlobalSection
	GlobalSection(SolutionProperties) = preSolution
		HideSolutionNode = FALSE
	EndGlobalSection
	GlobalSection(ExtensibilityGlobals) = postSolution
		SolutionGuid = {F5E71FF0-0392-4E78-8A28-AB4B3D1B2B8A}
	EndGlobalSection
EndGlobal
