
Microsoft Visual Studio Solution File, Format Version 12.00
# Visual Studio Version 16
VisualStudioVersion = 16.0.34031.81
MinimumVisualStudioVersion = 10.0.40219.1
Project("{FAE04EC0-301F-11D3-BF4B-00C04F79EFBC}") = "osszetett", "a\osszetett.csproj", "{98737B1C-D78D-497A-868C-A1227DCF5AB5}"
EndProject
Project("{FAE04EC0-301F-11D3-BF4B-00C04F79EFBC}") = "parameter transfering", "parameter transfering\parameter transfering.csproj", "{91BA3D14-CA0E-402B-BB6D-26F4C24E1494}"
EndProject
Global
	GlobalSection(SolutionConfigurationPlatforms) = preSolution
		Debug|Any CPU = Debug|Any CPU
		Release|Any CPU = Release|Any CPU
	EndGlobalSection
	GlobalSection(ProjectConfigurationPlatforms) = postSolution
		{98737B1C-D78D-497A-868C-A1227DCF5AB5}.Debug|Any CPU.ActiveCfg = Debug|Any CPU
		{98737B1C-D78D-497A-868C-A1227DCF5AB5}.Debug|Any CPU.Build.0 = Debug|Any CPU
		{98737B1C-D78D-497A-868C-A1227DCF5AB5}.Release|Any CPU.ActiveCfg = Release|Any CPU
		{98737B1C-D78D-497A-868C-A1227DCF5AB5}.Release|Any CPU.Build.0 = Release|Any CPU
		{91BA3D14-CA0E-402B-BB6D-26F4C24E1494}.Debug|Any CPU.ActiveCfg = Debug|Any CPU
		{91BA3D14-CA0E-402B-BB6D-26F4C24E1494}.Debug|Any CPU.Build.0 = Debug|Any CPU
		{91BA3D14-CA0E-402B-BB6D-26F4C24E1494}.Release|Any CPU.ActiveCfg = Release|Any CPU
		{91BA3D14-CA0E-402B-BB6D-26F4C24E1494}.Release|Any CPU.Build.0 = Release|Any CPU
	EndGlobalSection
	GlobalSection(SolutionProperties) = preSolution
		HideSolutionNode = FALSE
	EndGlobalSection
	GlobalSection(ExtensibilityGlobals) = postSolution
		SolutionGuid = {4A735013-9283-42B7-AEDE-893C9733049D}
	EndGlobalSection
EndGlobal
