
Microsoft Visual Studio Solution File, Format Version 12.00
# Visual Studio Version 17
VisualStudioVersion = 17.7.34031.279
MinimumVisualStudioVersion = 10.0.40219.1
Project("{FAE04EC0-301F-11D3-BF4B-00C04F79EFBC}") = "OrvosiNobeldijasokGUI", "OrvosiNobeldijasokGUI\OrvosiNobeldijasokGUI.csproj", "{692C2A48-C1B2-4927-B953-AF2D9506AE66}"
EndProject
Global
	GlobalSection(SolutionConfigurationPlatforms) = preSolution
		Debug|Any CPU = Debug|Any CPU
		Release|Any CPU = Release|Any CPU
	EndGlobalSection
	GlobalSection(ProjectConfigurationPlatforms) = postSolution
		{692C2A48-C1B2-4927-B953-AF2D9506AE66}.Debug|Any CPU.ActiveCfg = Debug|Any CPU
		{692C2A48-C1B2-4927-B953-AF2D9506AE66}.Debug|Any CPU.Build.0 = Debug|Any CPU
		{692C2A48-C1B2-4927-B953-AF2D9506AE66}.Release|Any CPU.ActiveCfg = Release|Any CPU
		{692C2A48-C1B2-4927-B953-AF2D9506AE66}.Release|Any CPU.Build.0 = Release|Any CPU
	EndGlobalSection
	GlobalSection(SolutionProperties) = preSolution
		HideSolutionNode = FALSE
	EndGlobalSection
	GlobalSection(ExtensibilityGlobals) = postSolution
		SolutionGuid = {92CC7879-48B7-4604-9657-2BC932202FA5}
	EndGlobalSection
EndGlobal
