
Microsoft Visual Studio Solution File, Format Version 12.00
# Visual Studio Version 17
VisualStudioVersion = 17.7.34031.279
MinimumVisualStudioVersion = 10.0.40219.1
Project("{FAE04EC0-301F-11D3-BF4B-00C04F79EFBC}") = "ember", "ember\ember.csproj", "{B38A3160-1676-4149-890A-3A59B74F18E0}"
EndProject
Global
	GlobalSection(SolutionConfigurationPlatforms) = preSolution
		Debug|Any CPU = Debug|Any CPU
		Release|Any CPU = Release|Any CPU
	EndGlobalSection
	GlobalSection(ProjectConfigurationPlatforms) = postSolution
		{B38A3160-1676-4149-890A-3A59B74F18E0}.Debug|Any CPU.ActiveCfg = Debug|Any CPU
		{B38A3160-1676-4149-890A-3A59B74F18E0}.Debug|Any CPU.Build.0 = Debug|Any CPU
		{B38A3160-1676-4149-890A-3A59B74F18E0}.Release|Any CPU.ActiveCfg = Release|Any CPU
		{B38A3160-1676-4149-890A-3A59B74F18E0}.Release|Any CPU.Build.0 = Release|Any CPU
	EndGlobalSection
	GlobalSection(SolutionProperties) = preSolution
		HideSolutionNode = FALSE
	EndGlobalSection
	GlobalSection(ExtensibilityGlobals) = postSolution
		SolutionGuid = {F5A5DC8B-F129-4021-AB78-B31BAE51202D}
	EndGlobalSection
EndGlobal
