
Microsoft Visual Studio Solution File, Format Version 12.00
# Visual Studio Version 17
VisualStudioVersion = 17.3.32825.248
MinimumVisualStudioVersion = 10.0.40219.1
Project("{FAE04EC0-301F-11D3-BF4B-00C04F79EFBC}") = "alapok", "alapok\alapok.csproj", "{238D33BC-D9D4-4661-8BEC-7F4968FDD71D}"
EndProject
Global
	GlobalSection(SolutionConfigurationPlatforms) = preSolution
		Debug|Any CPU = Debug|Any CPU
		Release|Any CPU = Release|Any CPU
	EndGlobalSection
	GlobalSection(ProjectConfigurationPlatforms) = postSolution
		{238D33BC-D9D4-4661-8BEC-7F4968FDD71D}.Debug|Any CPU.ActiveCfg = Debug|Any CPU
		{238D33BC-D9D4-4661-8BEC-7F4968FDD71D}.Debug|Any CPU.Build.0 = Debug|Any CPU
		{238D33BC-D9D4-4661-8BEC-7F4968FDD71D}.Release|Any CPU.ActiveCfg = Release|Any CPU
		{238D33BC-D9D4-4661-8BEC-7F4968FDD71D}.Release|Any CPU.Build.0 = Release|Any CPU
	EndGlobalSection
	GlobalSection(SolutionProperties) = preSolution
		HideSolutionNode = FALSE
	EndGlobalSection
	GlobalSection(ExtensibilityGlobals) = postSolution
		SolutionGuid = {12B1371C-8BE8-4C32-8027-A9C3F55517C0}
	EndGlobalSection
EndGlobal
