
Microsoft Visual Studio Solution File, Format Version 12.00
# Visual Studio Version 16
VisualStudioVersion = 25.0.1706.7
MinimumVisualStudioVersion = 10.0.40219.1
Project("{FAE04EC0-301F-11D3-BF4B-00C04F79EFBC}") = "programozasitetelek", "programozasitetelek\programozasitetelek.csproj", "{6810F64F-7654-4FCB-A87C-C4F31FFA04E2}"
EndProject
Global
	GlobalSection(SolutionConfigurationPlatforms) = preSolution
		Debug|Any CPU = Debug|Any CPU
		Release|Any CPU = Release|Any CPU
	EndGlobalSection
	GlobalSection(ProjectConfigurationPlatforms) = postSolution
		{6810F64F-7654-4FCB-A87C-C4F31FFA04E2}.Debug|Any CPU.ActiveCfg = Debug|Any CPU
		{6810F64F-7654-4FCB-A87C-C4F31FFA04E2}.Debug|Any CPU.Build.0 = Debug|Any CPU
		{6810F64F-7654-4FCB-A87C-C4F31FFA04E2}.Release|Any CPU.ActiveCfg = Release|Any CPU
		{6810F64F-7654-4FCB-A87C-C4F31FFA04E2}.Release|Any CPU.Build.0 = Release|Any CPU
	EndGlobalSection
	GlobalSection(SolutionProperties) = preSolution
		HideSolutionNode = FALSE
	EndGlobalSection
	GlobalSection(ExtensibilityGlobals) = postSolution
		SolutionGuid = {AF2C96E0-D22A-4F45-B684-0F6592AAF754}
	EndGlobalSection
EndGlobal
