
Microsoft Visual Studio Solution File, Format Version 12.00
# Visual Studio Version 17
VisualStudioVersion = 17.7.34031.279
MinimumVisualStudioVersion = 10.0.40219.1
Project("{FAE04EC0-301F-11D3-BF4B-00C04F79EFBC}") = "WpfApp1", "WpfApp1\WpfApp1.csproj", "{5292AE99-4964-42AF-9D0D-18612ED755D9}"
EndProject
Global
	GlobalSection(SolutionConfigurationPlatforms) = preSolution
		Debug|Any CPU = Debug|Any CPU
		Release|Any CPU = Release|Any CPU
	EndGlobalSection
	GlobalSection(ProjectConfigurationPlatforms) = postSolution
		{5292AE99-4964-42AF-9D0D-18612ED755D9}.Debug|Any CPU.ActiveCfg = Debug|Any CPU
		{5292AE99-4964-42AF-9D0D-18612ED755D9}.Debug|Any CPU.Build.0 = Debug|Any CPU
		{5292AE99-4964-42AF-9D0D-18612ED755D9}.Release|Any CPU.ActiveCfg = Release|Any CPU
		{5292AE99-4964-42AF-9D0D-18612ED755D9}.Release|Any CPU.Build.0 = Release|Any CPU
	EndGlobalSection
	GlobalSection(SolutionProperties) = preSolution
		HideSolutionNode = FALSE
	EndGlobalSection
	GlobalSection(ExtensibilityGlobals) = postSolution
		SolutionGuid = {DC2B503B-6A6C-479C-BA9D-2F91506998A0}
	EndGlobalSection
EndGlobal
