
Microsoft Visual Studio Solution File, Format Version 12.00
# Visual Studio Version 17
VisualStudioVersion = 17.3.32825.248
MinimumVisualStudioVersion = 10.0.40219.1
Project("{FAE04EC0-301F-11D3-BF4B-00C04F79EFBC}") = "gyakorlas6", "gyakorlas6\gyakorlas6.csproj", "{704FC79D-121F-46D9-92AE-1A6BACB2759B}"
EndProject
Global
	GlobalSection(SolutionConfigurationPlatforms) = preSolution
		Debug|Any CPU = Debug|Any CPU
		Release|Any CPU = Release|Any CPU
	EndGlobalSection
	GlobalSection(ProjectConfigurationPlatforms) = postSolution
		{704FC79D-121F-46D9-92AE-1A6BACB2759B}.Debug|Any CPU.ActiveCfg = Debug|Any CPU
		{704FC79D-121F-46D9-92AE-1A6BACB2759B}.Debug|Any CPU.Build.0 = Debug|Any CPU
		{704FC79D-121F-46D9-92AE-1A6BACB2759B}.Release|Any CPU.ActiveCfg = Release|Any CPU
		{704FC79D-121F-46D9-92AE-1A6BACB2759B}.Release|Any CPU.Build.0 = Release|Any CPU
	EndGlobalSection
	GlobalSection(SolutionProperties) = preSolution
		HideSolutionNode = FALSE
	EndGlobalSection
	GlobalSection(ExtensibilityGlobals) = postSolution
		SolutionGuid = {0E5A3061-F384-4818-89F4-19A3E7F98FA3}
	EndGlobalSection
EndGlobal
