
Microsoft Visual Studio Solution File, Format Version 12.00
# Visual Studio Version 17
VisualStudioVersion = 17.6.33723.286
MinimumVisualStudioVersion = 10.0.40219.1
Project("{FAE04EC0-301F-11D3-BF4B-00C04F79EFBC}") = "halmaz", "halmaz\halmaz.csproj", "{2AB56BF9-244F-4D4B-870D-1F9B3F1DCE2A}"
EndProject
Global
	GlobalSection(SolutionConfigurationPlatforms) = preSolution
		Debug|Any CPU = Debug|Any CPU
		Release|Any CPU = Release|Any CPU
	EndGlobalSection
	GlobalSection(ProjectConfigurationPlatforms) = postSolution
		{2AB56BF9-244F-4D4B-870D-1F9B3F1DCE2A}.Debug|Any CPU.ActiveCfg = Debug|Any CPU
		{2AB56BF9-244F-4D4B-870D-1F9B3F1DCE2A}.Debug|Any CPU.Build.0 = Debug|Any CPU
		{2AB56BF9-244F-4D4B-870D-1F9B3F1DCE2A}.Release|Any CPU.ActiveCfg = Release|Any CPU
		{2AB56BF9-244F-4D4B-870D-1F9B3F1DCE2A}.Release|Any CPU.Build.0 = Release|Any CPU
	EndGlobalSection
	GlobalSection(SolutionProperties) = preSolution
		HideSolutionNode = FALSE
	EndGlobalSection
	GlobalSection(ExtensibilityGlobals) = postSolution
		SolutionGuid = {9015A3DD-5194-4BF8-9377-6D42EA72E025}
	EndGlobalSection
EndGlobal
