
Microsoft Visual Studio Solution File, Format Version 12.00
# Visual Studio Version 17
VisualStudioVersion = 17.7.34031.279
MinimumVisualStudioVersion = 10.0.40219.1
Project("{FAE04EC0-301F-11D3-BF4B-00C04F79EFBC}") = "Delegate 2", "Delegate 2\Delegate 2.csproj", "{F18CCC0F-08AA-4D0A-BE8E-311FE82B0F03}"
EndProject
Global
	GlobalSection(SolutionConfigurationPlatforms) = preSolution
		Debug|Any CPU = Debug|Any CPU
		Release|Any CPU = Release|Any CPU
	EndGlobalSection
	GlobalSection(ProjectConfigurationPlatforms) = postSolution
		{F18CCC0F-08AA-4D0A-BE8E-311FE82B0F03}.Debug|Any CPU.ActiveCfg = Debug|Any CPU
		{F18CCC0F-08AA-4D0A-BE8E-311FE82B0F03}.Debug|Any CPU.Build.0 = Debug|Any CPU
		{F18CCC0F-08AA-4D0A-BE8E-311FE82B0F03}.Release|Any CPU.ActiveCfg = Release|Any CPU
		{F18CCC0F-08AA-4D0A-BE8E-311FE82B0F03}.Release|Any CPU.Build.0 = Release|Any CPU
	EndGlobalSection
	GlobalSection(SolutionProperties) = preSolution
		HideSolutionNode = FALSE
	EndGlobalSection
	GlobalSection(ExtensibilityGlobals) = postSolution
		SolutionGuid = {70AA3730-0C5E-4349-8F4F-84520D4E0DB0}
	EndGlobalSection
EndGlobal
