
Microsoft Visual Studio Solution File, Format Version 12.00
# Visual Studio Version 17
VisualStudioVersion = 17.7.34031.279
MinimumVisualStudioVersion = 10.0.40219.1
Project("{FAE04EC0-301F-11D3-BF4B-00C04F79EFBC}") = "Lista", "Lista\Lista.csproj", "{6CE0AB5F-AB34-4019-AD07-7EF081260AD7}"
EndProject
Global
	GlobalSection(SolutionConfigurationPlatforms) = preSolution
		Debug|Any CPU = Debug|Any CPU
		Release|Any CPU = Release|Any CPU
	EndGlobalSection
	GlobalSection(ProjectConfigurationPlatforms) = postSolution
		{6CE0AB5F-AB34-4019-AD07-7EF081260AD7}.Debug|Any CPU.ActiveCfg = Debug|Any CPU
		{6CE0AB5F-AB34-4019-AD07-7EF081260AD7}.Debug|Any CPU.Build.0 = Debug|Any CPU
		{6CE0AB5F-AB34-4019-AD07-7EF081260AD7}.Release|Any CPU.ActiveCfg = Release|Any CPU
		{6CE0AB5F-AB34-4019-AD07-7EF081260AD7}.Release|Any CPU.Build.0 = Release|Any CPU
	EndGlobalSection
	GlobalSection(SolutionProperties) = preSolution
		HideSolutionNode = FALSE
	EndGlobalSection
	GlobalSection(ExtensibilityGlobals) = postSolution
		SolutionGuid = {8CDE6231-A16A-4DD4-8EBA-9F9DF8D3D304}
	EndGlobalSection
EndGlobal
