
Microsoft Visual Studio Solution File, Format Version 12.00
# Visual Studio Version 17
VisualStudioVersion = 17.7.34031.279
MinimumVisualStudioVersion = 10.0.40219.1
Project("{FAE04EC0-301F-11D3-BF4B-00C04F79EFBC}") = "feladat", "feladat\feladat.csproj", "{3E3B622B-95A3-4C43-85D2-3C3D999FFCA3}"
EndProject
Global
	GlobalSection(SolutionConfigurationPlatforms) = preSolution
		Debug|Any CPU = Debug|Any CPU
		Release|Any CPU = Release|Any CPU
	EndGlobalSection
	GlobalSection(ProjectConfigurationPlatforms) = postSolution
		{3E3B622B-95A3-4C43-85D2-3C3D999FFCA3}.Debug|Any CPU.ActiveCfg = Debug|Any CPU
		{3E3B622B-95A3-4C43-85D2-3C3D999FFCA3}.Debug|Any CPU.Build.0 = Debug|Any CPU
		{3E3B622B-95A3-4C43-85D2-3C3D999FFCA3}.Release|Any CPU.ActiveCfg = Release|Any CPU
		{3E3B622B-95A3-4C43-85D2-3C3D999FFCA3}.Release|Any CPU.Build.0 = Release|Any CPU
	EndGlobalSection
	GlobalSection(SolutionProperties) = preSolution
		HideSolutionNode = FALSE
	EndGlobalSection
	GlobalSection(ExtensibilityGlobals) = postSolution
		SolutionGuid = {60DEED03-1E16-4F71-8423-8F4F6A0A083D}
	EndGlobalSection
EndGlobal
