
Microsoft Visual Studio Solution File, Format Version 12.00
# Visual Studio Version 17
VisualStudioVersion = 17.6.33723.286
MinimumVisualStudioVersion = 10.0.40219.1
Project("{FAE04EC0-301F-11D3-BF4B-00C04F79EFBC}") = "TotoGUI", "TotoGUI\TotoGUI.csproj", "{8F90EA34-60D0-4320-8964-BE07FB7FC93B}"
EndProject
Global
	GlobalSection(SolutionConfigurationPlatforms) = preSolution
		Debug|Any CPU = Debug|Any CPU
		Release|Any CPU = Release|Any CPU
	EndGlobalSection
	GlobalSection(ProjectConfigurationPlatforms) = postSolution
		{8F90EA34-60D0-4320-8964-BE07FB7FC93B}.Debug|Any CPU.ActiveCfg = Debug|Any CPU
		{8F90EA34-60D0-4320-8964-BE07FB7FC93B}.Debug|Any CPU.Build.0 = Debug|Any CPU
		{8F90EA34-60D0-4320-8964-BE07FB7FC93B}.Release|Any CPU.ActiveCfg = Release|Any CPU
		{8F90EA34-60D0-4320-8964-BE07FB7FC93B}.Release|Any CPU.Build.0 = Release|Any CPU
	EndGlobalSection
	GlobalSection(SolutionProperties) = preSolution
		HideSolutionNode = FALSE
	EndGlobalSection
	GlobalSection(ExtensibilityGlobals) = postSolution
		SolutionGuid = {CC72727B-4795-4498-A78E-E22C9E2ED159}
	EndGlobalSection
EndGlobal
