
Microsoft Visual Studio Solution File, Format Version 12.00
# Visual Studio Version 17
VisualStudioVersion = 17.7.34031.279
MinimumVisualStudioVersion = 10.0.40219.1
Project("{FAE04EC0-301F-11D3-BF4B-00C04F79EFBC}") = "delegate2", "delegate2\delegate2.csproj", "{7345209C-57D0-446B-A743-6A61FA0E28EE}"
EndProject
Global
	GlobalSection(SolutionConfigurationPlatforms) = preSolution
		Debug|Any CPU = Debug|Any CPU
		Release|Any CPU = Release|Any CPU
	EndGlobalSection
	GlobalSection(ProjectConfigurationPlatforms) = postSolution
		{7345209C-57D0-446B-A743-6A61FA0E28EE}.Debug|Any CPU.ActiveCfg = Debug|Any CPU
		{7345209C-57D0-446B-A743-6A61FA0E28EE}.Debug|Any CPU.Build.0 = Debug|Any CPU
		{7345209C-57D0-446B-A743-6A61FA0E28EE}.Release|Any CPU.ActiveCfg = Release|Any CPU
		{7345209C-57D0-446B-A743-6A61FA0E28EE}.Release|Any CPU.Build.0 = Release|Any CPU
	EndGlobalSection
	GlobalSection(SolutionProperties) = preSolution
		HideSolutionNode = FALSE
	EndGlobalSection
	GlobalSection(ExtensibilityGlobals) = postSolution
		SolutionGuid = {C2040489-BC40-4E91-A875-63831BE65DBB}
	EndGlobalSection
EndGlobal
