
Microsoft Visual Studio Solution File, Format Version 12.00
# Visual Studio Version 17
VisualStudioVersion = 17.7.34031.279
MinimumVisualStudioVersion = 10.0.40219.1
Project("{FAE04EC0-301F-11D3-BF4B-00C04F79EFBC}") = "Ügyfélkezelő Alkalmazás", "Ügyfélkezelő Alkalmazás\Ügyfélkezelő Alkalmazás.csproj", "{EA092AC7-62A9-4F94-A223-52CE15A71F2E}"
EndProject
Global
	GlobalSection(SolutionConfigurationPlatforms) = preSolution
		Debug|Any CPU = Debug|Any CPU
		Release|Any CPU = Release|Any CPU
	EndGlobalSection
	GlobalSection(ProjectConfigurationPlatforms) = postSolution
		{EA092AC7-62A9-4F94-A223-52CE15A71F2E}.Debug|Any CPU.ActiveCfg = Debug|Any CPU
		{EA092AC7-62A9-4F94-A223-52CE15A71F2E}.Debug|Any CPU.Build.0 = Debug|Any CPU
		{EA092AC7-62A9-4F94-A223-52CE15A71F2E}.Release|Any CPU.ActiveCfg = Release|Any CPU
		{EA092AC7-62A9-4F94-A223-52CE15A71F2E}.Release|Any CPU.Build.0 = Release|Any CPU
	EndGlobalSection
	GlobalSection(SolutionProperties) = preSolution
		HideSolutionNode = FALSE
	EndGlobalSection
	GlobalSection(ExtensibilityGlobals) = postSolution
		SolutionGuid = {3F3E9ECD-33D8-4E8F-87DF-2F972B53B64C}
	EndGlobalSection
EndGlobal
