
Microsoft Visual Studio Solution File, Format Version 12.00
# Visual Studio Version 17
VisualStudioVersion = 17.6.33723.286
MinimumVisualStudioVersion = 10.0.40219.1
Project("{FAE04EC0-301F-11D3-BF4B-00C04F79EFBC}") = "OrvosiNobeldijasokGUI", "OrvosiNobeldijasokGUI\OrvosiNobeldijasokGUI.csproj", "{8835650E-7886-4598-8EF0-8F1F18137C81}"
EndProject
Global
	GlobalSection(SolutionConfigurationPlatforms) = preSolution
		Debug|Any CPU = Debug|Any CPU
		Release|Any CPU = Release|Any CPU
	EndGlobalSection
	GlobalSection(ProjectConfigurationPlatforms) = postSolution
		{8835650E-7886-4598-8EF0-8F1F18137C81}.Debug|Any CPU.ActiveCfg = Debug|Any CPU
		{8835650E-7886-4598-8EF0-8F1F18137C81}.Debug|Any CPU.Build.0 = Debug|Any CPU
		{8835650E-7886-4598-8EF0-8F1F18137C81}.Release|Any CPU.ActiveCfg = Release|Any CPU
		{8835650E-7886-4598-8EF0-8F1F18137C81}.Release|Any CPU.Build.0 = Release|Any CPU
	EndGlobalSection
	GlobalSection(SolutionProperties) = preSolution
		HideSolutionNode = FALSE
	EndGlobalSection
	GlobalSection(ExtensibilityGlobals) = postSolution
		SolutionGuid = {730754A7-1F50-4C07-913A-06E0962686C3}
	EndGlobalSection
EndGlobal
