
Microsoft Visual Studio Solution File, Format Version 12.00
# Visual Studio Version 17
VisualStudioVersion = 17.8.34525.116
MinimumVisualStudioVersion = 10.0.40219.1
Project("{FAE04EC0-301F-11D3-BF4B-00C04F79EFBC}") = "rajzolás", "rajzolás\rajzolás.csproj", "{BEE8366B-4CE3-4C00-8AF1-7DAE53AE3F2F}"
EndProject
Global
	GlobalSection(SolutionConfigurationPlatforms) = preSolution
		Debug|Any CPU = Debug|Any CPU
		Release|Any CPU = Release|Any CPU
	EndGlobalSection
	GlobalSection(ProjectConfigurationPlatforms) = postSolution
		{BEE8366B-4CE3-4C00-8AF1-7DAE53AE3F2F}.Debug|Any CPU.ActiveCfg = Debug|Any CPU
		{BEE8366B-4CE3-4C00-8AF1-7DAE53AE3F2F}.Debug|Any CPU.Build.0 = Debug|Any CPU
		{BEE8366B-4CE3-4C00-8AF1-7DAE53AE3F2F}.Release|Any CPU.ActiveCfg = Release|Any CPU
		{BEE8366B-4CE3-4C00-8AF1-7DAE53AE3F2F}.Release|Any CPU.Build.0 = Release|Any CPU
	EndGlobalSection
	GlobalSection(SolutionProperties) = preSolution
		HideSolutionNode = FALSE
	EndGlobalSection
	GlobalSection(ExtensibilityGlobals) = postSolution
		SolutionGuid = {1A87B0BD-3E65-4034-B101-D6893D8F7044}
	EndGlobalSection
EndGlobal
