
Microsoft Visual Studio Solution File, Format Version 12.00
# Visual Studio Version 17
VisualStudioVersion = 17.7.34031.279
MinimumVisualStudioVersion = 10.0.40219.1
Project("{FAE04EC0-301F-11D3-BF4B-00C04F79EFBC}") = "orvosi nobeldijasok", "orvosi nobeldijasok\orvosi nobeldijasok.csproj", "{EE5F4F7E-1B77-48D8-80F9-3EC151727360}"
EndProject
Global
	GlobalSection(SolutionConfigurationPlatforms) = preSolution
		Debug|Any CPU = Debug|Any CPU
		Release|Any CPU = Release|Any CPU
	EndGlobalSection
	GlobalSection(ProjectConfigurationPlatforms) = postSolution
		{EE5F4F7E-1B77-48D8-80F9-3EC151727360}.Debug|Any CPU.ActiveCfg = Debug|Any CPU
		{EE5F4F7E-1B77-48D8-80F9-3EC151727360}.Debug|Any CPU.Build.0 = Debug|Any CPU
		{EE5F4F7E-1B77-48D8-80F9-3EC151727360}.Release|Any CPU.ActiveCfg = Release|Any CPU
		{EE5F4F7E-1B77-48D8-80F9-3EC151727360}.Release|Any CPU.Build.0 = Release|Any CPU
	EndGlobalSection
	GlobalSection(SolutionProperties) = preSolution
		HideSolutionNode = FALSE
	EndGlobalSection
	GlobalSection(ExtensibilityGlobals) = postSolution
		SolutionGuid = {045C5948-73B7-4A85-BF40-972893165C7C}
	EndGlobalSection
EndGlobal
