
Microsoft Visual Studio Solution File, Format Version 12.00
# Visual Studio Version 17
VisualStudioVersion = 17.6.33723.286
MinimumVisualStudioVersion = 10.0.40219.1
Project("{FAE04EC0-301F-11D3-BF4B-00C04F79EFBC}") = "proba", "proba\proba.csproj", "{AA9A29A9-4BCB-4338-9AAC-7C337D3D0089}"
EndProject
Global
	GlobalSection(SolutionConfigurationPlatforms) = preSolution
		Debug|Any CPU = Debug|Any CPU
		Release|Any CPU = Release|Any CPU
	EndGlobalSection
	GlobalSection(ProjectConfigurationPlatforms) = postSolution
		{AA9A29A9-4BCB-4338-9AAC-7C337D3D0089}.Debug|Any CPU.ActiveCfg = Debug|Any CPU
		{AA9A29A9-4BCB-4338-9AAC-7C337D3D0089}.Debug|Any CPU.Build.0 = Debug|Any CPU
		{AA9A29A9-4BCB-4338-9AAC-7C337D3D0089}.Release|Any CPU.ActiveCfg = Release|Any CPU
		{AA9A29A9-4BCB-4338-9AAC-7C337D3D0089}.Release|Any CPU.Build.0 = Release|Any CPU
	EndGlobalSection
	GlobalSection(SolutionProperties) = preSolution
		HideSolutionNode = FALSE
	EndGlobalSection
	GlobalSection(ExtensibilityGlobals) = postSolution
		SolutionGuid = {F7E4A215-56B3-4D0F-987A-C7A7A766D133}
	EndGlobalSection
EndGlobal
