
Microsoft Visual Studio Solution File, Format Version 12.00
# Visual Studio Version 17
VisualStudioVersion = 17.6.33723.286
MinimumVisualStudioVersion = 10.0.40219.1
Project("{FAE04EC0-301F-11D3-BF4B-00C04F79EFBC}") = "karácsonyCLIGUI", "karácsonyCLIGUI\karácsonyCLIGUI.csproj", "{ABBCE5CF-32E6-472A-B495-169B2F5582F4}"
EndProject
Global
	GlobalSection(SolutionConfigurationPlatforms) = preSolution
		Debug|Any CPU = Debug|Any CPU
		Release|Any CPU = Release|Any CPU
	EndGlobalSection
	GlobalSection(ProjectConfigurationPlatforms) = postSolution
		{ABBCE5CF-32E6-472A-B495-169B2F5582F4}.Debug|Any CPU.ActiveCfg = Debug|Any CPU
		{ABBCE5CF-32E6-472A-B495-169B2F5582F4}.Debug|Any CPU.Build.0 = Debug|Any CPU
		{ABBCE5CF-32E6-472A-B495-169B2F5582F4}.Release|Any CPU.ActiveCfg = Release|Any CPU
		{ABBCE5CF-32E6-472A-B495-169B2F5582F4}.Release|Any CPU.Build.0 = Release|Any CPU
	EndGlobalSection
	GlobalSection(SolutionProperties) = preSolution
		HideSolutionNode = FALSE
	EndGlobalSection
	GlobalSection(ExtensibilityGlobals) = postSolution
		SolutionGuid = {D0DD8C61-421C-41B7-95E7-12FD6AEDAFF4}
	EndGlobalSection
EndGlobal
