
Microsoft Visual Studio Solution File, Format Version 12.00
# Visual Studio Version 16
VisualStudioVersion = 25.0.1706.7
MinimumVisualStudioVersion = 10.0.40219.1
Project("{FAE04EC0-301F-11D3-BF4B-00C04F79EFBC}") = "delegacio3", "delegacio3\delegacio3.csproj", "{94F7491B-7E35-49D1-AEE8-0E7EA02BABE2}"
EndProject
Global
	GlobalSection(SolutionConfigurationPlatforms) = preSolution
		Debug|Any CPU = Debug|Any CPU
		Release|Any CPU = Release|Any CPU
	EndGlobalSection
	GlobalSection(ProjectConfigurationPlatforms) = postSolution
		{94F7491B-7E35-49D1-AEE8-0E7EA02BABE2}.Debug|Any CPU.ActiveCfg = Debug|Any CPU
		{94F7491B-7E35-49D1-AEE8-0E7EA02BABE2}.Debug|Any CPU.Build.0 = Debug|Any CPU
		{94F7491B-7E35-49D1-AEE8-0E7EA02BABE2}.Release|Any CPU.ActiveCfg = Release|Any CPU
		{94F7491B-7E35-49D1-AEE8-0E7EA02BABE2}.Release|Any CPU.Build.0 = Release|Any CPU
	EndGlobalSection
	GlobalSection(SolutionProperties) = preSolution
		HideSolutionNode = FALSE
	EndGlobalSection
	GlobalSection(ExtensibilityGlobals) = postSolution
		SolutionGuid = {12D1B768-23CB-4CA6-B4D7-57F9B6CD6D8A}
	EndGlobalSection
EndGlobal
