
Microsoft Visual Studio Solution File, Format Version 12.00
# Visual Studio Version 17
VisualStudioVersion = 17.7.34031.279
MinimumVisualStudioVersion = 10.0.40219.1
Project("{FAE04EC0-301F-11D3-BF4B-00C04F79EFBC}") = "Delegate4", "Delegate4\Delegate4.csproj", "{BD2876C2-E5DA-43BE-B4A9-CDBCF4A06B6A}"
EndProject
Global
	GlobalSection(SolutionConfigurationPlatforms) = preSolution
		Debug|Any CPU = Debug|Any CPU
		Release|Any CPU = Release|Any CPU
	EndGlobalSection
	GlobalSection(ProjectConfigurationPlatforms) = postSolution
		{BD2876C2-E5DA-43BE-B4A9-CDBCF4A06B6A}.Debug|Any CPU.ActiveCfg = Debug|Any CPU
		{BD2876C2-E5DA-43BE-B4A9-CDBCF4A06B6A}.Debug|Any CPU.Build.0 = Debug|Any CPU
		{BD2876C2-E5DA-43BE-B4A9-CDBCF4A06B6A}.Release|Any CPU.ActiveCfg = Release|Any CPU
		{BD2876C2-E5DA-43BE-B4A9-CDBCF4A06B6A}.Release|Any CPU.Build.0 = Release|Any CPU
	EndGlobalSection
	GlobalSection(SolutionProperties) = preSolution
		HideSolutionNode = FALSE
	EndGlobalSection
	GlobalSection(ExtensibilityGlobals) = postSolution
		SolutionGuid = {5FDB7FC2-AD19-4583-8D22-AB9388B17424}
	EndGlobalSection
EndGlobal
