
Microsoft Visual Studio Solution File, Format Version 12.00
# Visual Studio Version 16
VisualStudioVersion = 25.0.1706.7
MinimumVisualStudioVersion = 10.0.40219.1
Project("{FAE04EC0-301F-11D3-BF4B-00C04F79EFBC}") = "delegacio4", "delegacio4\delegacio4.csproj", "{5E20F1FC-CE59-45E9-8962-A753351A7831}"
EndProject
Global
	GlobalSection(SolutionConfigurationPlatforms) = preSolution
		Debug|Any CPU = Debug|Any CPU
		Release|Any CPU = Release|Any CPU
	EndGlobalSection
	GlobalSection(ProjectConfigurationPlatforms) = postSolution
		{5E20F1FC-CE59-45E9-8962-A753351A7831}.Debug|Any CPU.ActiveCfg = Debug|Any CPU
		{5E20F1FC-CE59-45E9-8962-A753351A7831}.Debug|Any CPU.Build.0 = Debug|Any CPU
		{5E20F1FC-CE59-45E9-8962-A753351A7831}.Release|Any CPU.ActiveCfg = Release|Any CPU
		{5E20F1FC-CE59-45E9-8962-A753351A7831}.Release|Any CPU.Build.0 = Release|Any CPU
	EndGlobalSection
	GlobalSection(SolutionProperties) = preSolution
		HideSolutionNode = FALSE
	EndGlobalSection
	GlobalSection(ExtensibilityGlobals) = postSolution
		SolutionGuid = {3383DF87-5DB3-4061-9BF7-1DD7FA7B162C}
	EndGlobalSection
EndGlobal
