
Microsoft Visual Studio Solution File, Format Version 12.00
# Visual Studio Version 17
VisualStudioVersion = 17.6.33723.286
MinimumVisualStudioVersion = 10.0.40219.1
Project("{FAE04EC0-301F-11D3-BF4B-00C04F79EFBC}") = "parameter_atadas", "parameter_atadas\parameter_atadas.csproj", "{C2644245-4179-43B9-ACEC-489B961576BD}"
EndProject
Global
	GlobalSection(SolutionConfigurationPlatforms) = preSolution
		Debug|Any CPU = Debug|Any CPU
		Release|Any CPU = Release|Any CPU
	EndGlobalSection
	GlobalSection(ProjectConfigurationPlatforms) = postSolution
		{C2644245-4179-43B9-ACEC-489B961576BD}.Debug|Any CPU.ActiveCfg = Debug|Any CPU
		{C2644245-4179-43B9-ACEC-489B961576BD}.Debug|Any CPU.Build.0 = Debug|Any CPU
		{C2644245-4179-43B9-ACEC-489B961576BD}.Release|Any CPU.ActiveCfg = Release|Any CPU
		{C2644245-4179-43B9-ACEC-489B961576BD}.Release|Any CPU.Build.0 = Release|Any CPU
	EndGlobalSection
	GlobalSection(SolutionProperties) = preSolution
		HideSolutionNode = FALSE
	EndGlobalSection
	GlobalSection(ExtensibilityGlobals) = postSolution
		SolutionGuid = {CD2485F8-F1D4-4097-8E08-FF247EBCA97C}
	EndGlobalSection
EndGlobal
