
Microsoft Visual Studio Solution File, Format Version 12.00
# Visual Studio Version 17
VisualStudioVersion = 17.3.32825.248
MinimumVisualStudioVersion = 10.0.40219.1
Project("{FAE04EC0-301F-11D3-BF4B-00C04F79EFBC}") = "Brainfuck", "Brainfuck\Brainfuck.csproj", "{68904E9E-CDD8-44BA-A81F-3DB74DCAF8FD}"
EndProject
Global
	GlobalSection(SolutionConfigurationPlatforms) = preSolution
		Debug|Any CPU = Debug|Any CPU
		Release|Any CPU = Release|Any CPU
	EndGlobalSection
	GlobalSection(ProjectConfigurationPlatforms) = postSolution
		{68904E9E-CDD8-44BA-A81F-3DB74DCAF8FD}.Debug|Any CPU.ActiveCfg = Debug|Any CPU
		{68904E9E-CDD8-44BA-A81F-3DB74DCAF8FD}.Debug|Any CPU.Build.0 = Debug|Any CPU
		{68904E9E-CDD8-44BA-A81F-3DB74DCAF8FD}.Release|Any CPU.ActiveCfg = Release|Any CPU
		{68904E9E-CDD8-44BA-A81F-3DB74DCAF8FD}.Release|Any CPU.Build.0 = Release|Any CPU
	EndGlobalSection
	GlobalSection(SolutionProperties) = preSolution
		HideSolutionNode = FALSE
	EndGlobalSection
	GlobalSection(ExtensibilityGlobals) = postSolution
		SolutionGuid = {1C4AE72F-4C9B-41A7-BE19-4C7140340C31}
	EndGlobalSection
EndGlobal
