
Microsoft Visual Studio Solution File, Format Version 12.00
# Visual Studio Version 17
VisualStudioVersion = 17.7.34031.279
MinimumVisualStudioVersion = 10.0.40219.1
Project("{FAE04EC0-301F-11D3-BF4B-00C04F79EFBC}") = "quiz Game", "quiz Game\quiz Game.csproj", "{895BF7C3-70B4-42EB-9DF9-B8AC7F4EFFEE}"
EndProject
Global
	GlobalSection(SolutionConfigurationPlatforms) = preSolution
		Debug|Any CPU = Debug|Any CPU
		Release|Any CPU = Release|Any CPU
	EndGlobalSection
	GlobalSection(ProjectConfigurationPlatforms) = postSolution
		{895BF7C3-70B4-42EB-9DF9-B8AC7F4EFFEE}.Debug|Any CPU.ActiveCfg = Debug|Any CPU
		{895BF7C3-70B4-42EB-9DF9-B8AC7F4EFFEE}.Debug|Any CPU.Build.0 = Debug|Any CPU
		{895BF7C3-70B4-42EB-9DF9-B8AC7F4EFFEE}.Release|Any CPU.ActiveCfg = Release|Any CPU
		{895BF7C3-70B4-42EB-9DF9-B8AC7F4EFFEE}.Release|Any CPU.Build.0 = Release|Any CPU
	EndGlobalSection
	GlobalSection(SolutionProperties) = preSolution
		HideSolutionNode = FALSE
	EndGlobalSection
	GlobalSection(ExtensibilityGlobals) = postSolution
		SolutionGuid = {50758792-8BD0-4539-BD90-24C534D882D6}
	EndGlobalSection
EndGlobal
