
Microsoft Visual Studio Solution File, Format Version 12.00
# Visual Studio Version 17
VisualStudioVersion = 17.6.33723.286
MinimumVisualStudioVersion = 10.0.40219.1
Project("{FAE04EC0-301F-11D3-BF4B-00C04F79EFBC}") = "lancolt_lista_stb", "lancolt_lista_stb\lancolt_lista_stb.csproj", "{C1458E8D-34B9-493B-A3A6-D39BAA255063}"
EndProject
Global
	GlobalSection(SolutionConfigurationPlatforms) = preSolution
		Debug|Any CPU = Debug|Any CPU
		Release|Any CPU = Release|Any CPU
	EndGlobalSection
	GlobalSection(ProjectConfigurationPlatforms) = postSolution
		{C1458E8D-34B9-493B-A3A6-D39BAA255063}.Debug|Any CPU.ActiveCfg = Debug|Any CPU
		{C1458E8D-34B9-493B-A3A6-D39BAA255063}.Debug|Any CPU.Build.0 = Debug|Any CPU
		{C1458E8D-34B9-493B-A3A6-D39BAA255063}.Release|Any CPU.ActiveCfg = Release|Any CPU
		{C1458E8D-34B9-493B-A3A6-D39BAA255063}.Release|Any CPU.Build.0 = Release|Any CPU
	EndGlobalSection
	GlobalSection(SolutionProperties) = preSolution
		HideSolutionNode = FALSE
	EndGlobalSection
	GlobalSection(ExtensibilityGlobals) = postSolution
		SolutionGuid = {879E84B7-7388-4FE7-AB5E-5E5FE77E1F96}
	EndGlobalSection
EndGlobal
