
Microsoft Visual Studio Solution File, Format Version 12.00
# Visual Studio Version 17
VisualStudioVersion = 17.7.34031.279
MinimumVisualStudioVersion = 10.0.40219.1
Project("{FAE04EC0-301F-11D3-BF4B-00C04F79EFBC}") = "Dolgozat", "Dolgozat\Dolgozat.csproj", "{4CD0696F-0836-48B6-9AC2-1D9D0766B30A}"
EndProject
Global
	GlobalSection(SolutionConfigurationPlatforms) = preSolution
		Debug|Any CPU = Debug|Any CPU
		Release|Any CPU = Release|Any CPU
	EndGlobalSection
	GlobalSection(ProjectConfigurationPlatforms) = postSolution
		{4CD0696F-0836-48B6-9AC2-1D9D0766B30A}.Debug|Any CPU.ActiveCfg = Debug|Any CPU
		{4CD0696F-0836-48B6-9AC2-1D9D0766B30A}.Debug|Any CPU.Build.0 = Debug|Any CPU
		{4CD0696F-0836-48B6-9AC2-1D9D0766B30A}.Release|Any CPU.ActiveCfg = Release|Any CPU
		{4CD0696F-0836-48B6-9AC2-1D9D0766B30A}.Release|Any CPU.Build.0 = Release|Any CPU
	EndGlobalSection
	GlobalSection(SolutionProperties) = preSolution
		HideSolutionNode = FALSE
	EndGlobalSection
	GlobalSection(ExtensibilityGlobals) = postSolution
		SolutionGuid = {90A19C92-57C0-4C51-BAB4-2BA7E587CB64}
	EndGlobalSection
EndGlobal
