
Microsoft Visual Studio Solution File, Format Version 12.00
# Visual Studio Version 17
VisualStudioVersion = 17.7.34031.279
MinimumVisualStudioVersion = 10.0.40219.1
Project("{FAE04EC0-301F-11D3-BF4B-00C04F79EFBC}") = "WpfApp1", "WpfApp1\WpfApp1.csproj", "{C0517111-1E5D-4A6C-B869-359CDAC06642}"
EndProject
Global
	GlobalSection(SolutionConfigurationPlatforms) = preSolution
		Debug|Any CPU = Debug|Any CPU
		Release|Any CPU = Release|Any CPU
	EndGlobalSection
	GlobalSection(ProjectConfigurationPlatforms) = postSolution
		{C0517111-1E5D-4A6C-B869-359CDAC06642}.Debug|Any CPU.ActiveCfg = Debug|Any CPU
		{C0517111-1E5D-4A6C-B869-359CDAC06642}.Debug|Any CPU.Build.0 = Debug|Any CPU
		{C0517111-1E5D-4A6C-B869-359CDAC06642}.Release|Any CPU.ActiveCfg = Release|Any CPU
		{C0517111-1E5D-4A6C-B869-359CDAC06642}.Release|Any CPU.Build.0 = Release|Any CPU
	EndGlobalSection
	GlobalSection(SolutionProperties) = preSolution
		HideSolutionNode = FALSE
	EndGlobalSection
	GlobalSection(ExtensibilityGlobals) = postSolution
		SolutionGuid = {06602D00-CF9D-41B0-BEEC-2391612C0790}
	EndGlobalSection
EndGlobal
