
Microsoft Visual Studio Solution File, Format Version 12.00
# Visual Studio Version 17
VisualStudioVersion = 17.7.34031.279
MinimumVisualStudioVersion = 10.0.40219.1
Project("{FAE04EC0-301F-11D3-BF4B-00C04F79EFBC}") = "valami vektor", "valami vektor\valami vektor.csproj", "{5F8961EF-8C15-41E6-950C-83449C8833F7}"
EndProject
Global
	GlobalSection(SolutionConfigurationPlatforms) = preSolution
		Debug|Any CPU = Debug|Any CPU
		Release|Any CPU = Release|Any CPU
	EndGlobalSection
	GlobalSection(ProjectConfigurationPlatforms) = postSolution
		{5F8961EF-8C15-41E6-950C-83449C8833F7}.Debug|Any CPU.ActiveCfg = Debug|Any CPU
		{5F8961EF-8C15-41E6-950C-83449C8833F7}.Debug|Any CPU.Build.0 = Debug|Any CPU
		{5F8961EF-8C15-41E6-950C-83449C8833F7}.Release|Any CPU.ActiveCfg = Release|Any CPU
		{5F8961EF-8C15-41E6-950C-83449C8833F7}.Release|Any CPU.Build.0 = Release|Any CPU
	EndGlobalSection
	GlobalSection(SolutionProperties) = preSolution
		HideSolutionNode = FALSE
	EndGlobalSection
	GlobalSection(ExtensibilityGlobals) = postSolution
		SolutionGuid = {9F239947-CBC4-4F2C-890F-8925E8863D25}
	EndGlobalSection
EndGlobal
