
Microsoft Visual Studio Solution File, Format Version 12.00
# Visual Studio Version 17
VisualStudioVersion = 17.7.34031.279
MinimumVisualStudioVersion = 10.0.40219.1
Project("{FAE04EC0-301F-11D3-BF4B-00C04F79EFBC}") = "faszombele", "faszombele\faszombele.csproj", "{26658E91-91CD-4063-B28B-B5EC46B9E17A}"
EndProject
Global
	GlobalSection(SolutionConfigurationPlatforms) = preSolution
		Debug|Any CPU = Debug|Any CPU
		Release|Any CPU = Release|Any CPU
	EndGlobalSection
	GlobalSection(ProjectConfigurationPlatforms) = postSolution
		{26658E91-91CD-4063-B28B-B5EC46B9E17A}.Debug|Any CPU.ActiveCfg = Debug|Any CPU
		{26658E91-91CD-4063-B28B-B5EC46B9E17A}.Debug|Any CPU.Build.0 = Debug|Any CPU
		{26658E91-91CD-4063-B28B-B5EC46B9E17A}.Release|Any CPU.ActiveCfg = Release|Any CPU
		{26658E91-91CD-4063-B28B-B5EC46B9E17A}.Release|Any CPU.Build.0 = Release|Any CPU
	EndGlobalSection
	GlobalSection(SolutionProperties) = preSolution
		HideSolutionNode = FALSE
	EndGlobalSection
	GlobalSection(ExtensibilityGlobals) = postSolution
		SolutionGuid = {0E241305-5195-4769-B432-A848FD31C727}
	EndGlobalSection
EndGlobal
