
Microsoft Visual Studio Solution File, Format Version 12.00
# Visual Studio Version 17
VisualStudioVersion = 17.7.34031.279
MinimumVisualStudioVersion = 10.0.40219.1
Project("{FAE04EC0-301F-11D3-BF4B-00C04F79EFBC}") = "BukkMaraton2019", "BukkMaraton2019\BukkMaraton2019.csproj", "{B9CE8D64-1DEB-4E09-BBF1-F116EA3849B9}"
EndProject
Global
	GlobalSection(SolutionConfigurationPlatforms) = preSolution
		Debug|Any CPU = Debug|Any CPU
		Release|Any CPU = Release|Any CPU
	EndGlobalSection
	GlobalSection(ProjectConfigurationPlatforms) = postSolution
		{B9CE8D64-1DEB-4E09-BBF1-F116EA3849B9}.Debug|Any CPU.ActiveCfg = Debug|Any CPU
		{B9CE8D64-1DEB-4E09-BBF1-F116EA3849B9}.Debug|Any CPU.Build.0 = Debug|Any CPU
		{B9CE8D64-1DEB-4E09-BBF1-F116EA3849B9}.Release|Any CPU.ActiveCfg = Release|Any CPU
		{B9CE8D64-1DEB-4E09-BBF1-F116EA3849B9}.Release|Any CPU.Build.0 = Release|Any CPU
	EndGlobalSection
	GlobalSection(SolutionProperties) = preSolution
		HideSolutionNode = FALSE
	EndGlobalSection
	GlobalSection(ExtensibilityGlobals) = postSolution
		SolutionGuid = {BA457910-2422-458D-AB08-998BCA6A8D91}
	EndGlobalSection
EndGlobal
