
Microsoft Visual Studio Solution File, Format Version 12.00
# Visual Studio Version 17
VisualStudioVersion = 17.7.34031.279
MinimumVisualStudioVersion = 10.0.40219.1
Project("{FAE04EC0-301F-11D3-BF4B-00C04F79EFBC}") = "Delegate 4", "Delegate 4\Delegate 4.csproj", "{B36A950D-7D9C-4CDF-9D60-6F23A7CFFF7F}"
EndProject
Global
	GlobalSection(SolutionConfigurationPlatforms) = preSolution
		Debug|Any CPU = Debug|Any CPU
		Release|Any CPU = Release|Any CPU
	EndGlobalSection
	GlobalSection(ProjectConfigurationPlatforms) = postSolution
		{B36A950D-7D9C-4CDF-9D60-6F23A7CFFF7F}.Debug|Any CPU.ActiveCfg = Debug|Any CPU
		{B36A950D-7D9C-4CDF-9D60-6F23A7CFFF7F}.Debug|Any CPU.Build.0 = Debug|Any CPU
		{B36A950D-7D9C-4CDF-9D60-6F23A7CFFF7F}.Release|Any CPU.ActiveCfg = Release|Any CPU
		{B36A950D-7D9C-4CDF-9D60-6F23A7CFFF7F}.Release|Any CPU.Build.0 = Release|Any CPU
	EndGlobalSection
	GlobalSection(SolutionProperties) = preSolution
		HideSolutionNode = FALSE
	EndGlobalSection
	GlobalSection(ExtensibilityGlobals) = postSolution
		SolutionGuid = {5718D499-EE33-4F81-AA80-DA81EAAAD0BE}
	EndGlobalSection
EndGlobal
