
Microsoft Visual Studio Solution File, Format Version 12.00
# Visual Studio Version 17
VisualStudioVersion = 17.8.34525.116
MinimumVisualStudioVersion = 10.0.40219.1
Project("{FAE04EC0-301F-11D3-BF4B-00C04F79EFBC}") = "Del", "Del\Del.csproj", "{0A295795-38D8-4CE0-974E-6778F467FC67}"
EndProject
Global
	GlobalSection(SolutionConfigurationPlatforms) = preSolution
		Debug|Any CPU = Debug|Any CPU
		Release|Any CPU = Release|Any CPU
	EndGlobalSection
	GlobalSection(ProjectConfigurationPlatforms) = postSolution
		{0A295795-38D8-4CE0-974E-6778F467FC67}.Debug|Any CPU.ActiveCfg = Debug|Any CPU
		{0A295795-38D8-4CE0-974E-6778F467FC67}.Debug|Any CPU.Build.0 = Debug|Any CPU
		{0A295795-38D8-4CE0-974E-6778F467FC67}.Release|Any CPU.ActiveCfg = Release|Any CPU
		{0A295795-38D8-4CE0-974E-6778F467FC67}.Release|Any CPU.Build.0 = Release|Any CPU
	EndGlobalSection
	GlobalSection(SolutionProperties) = preSolution
		HideSolutionNode = FALSE
	EndGlobalSection
	GlobalSection(ExtensibilityGlobals) = postSolution
		SolutionGuid = {3E27E5C2-EAF0-4BE2-87B8-428D9DE50280}
	EndGlobalSection
EndGlobal
