
Microsoft Visual Studio Solution File, Format Version 12.00
# Visual Studio Version 17
VisualStudioVersion = 17.3.32825.248
MinimumVisualStudioVersion = 10.0.40219.1
Project("{FAE04EC0-301F-11D3-BF4B-00C04F79EFBC}") = "Gyakorlás4", "Gyakorlás4\Gyakorlás4.csproj", "{72AB3B25-B1AC-41BD-BFBF-C3D23DC9DC7B}"
EndProject
Global
	GlobalSection(SolutionConfigurationPlatforms) = preSolution
		Debug|Any CPU = Debug|Any CPU
		Release|Any CPU = Release|Any CPU
	EndGlobalSection
	GlobalSection(ProjectConfigurationPlatforms) = postSolution
		{72AB3B25-B1AC-41BD-BFBF-C3D23DC9DC7B}.Debug|Any CPU.ActiveCfg = Debug|Any CPU
		{72AB3B25-B1AC-41BD-BFBF-C3D23DC9DC7B}.Debug|Any CPU.Build.0 = Debug|Any CPU
		{72AB3B25-B1AC-41BD-BFBF-C3D23DC9DC7B}.Release|Any CPU.ActiveCfg = Release|Any CPU
		{72AB3B25-B1AC-41BD-BFBF-C3D23DC9DC7B}.Release|Any CPU.Build.0 = Release|Any CPU
	EndGlobalSection
	GlobalSection(SolutionProperties) = preSolution
		HideSolutionNode = FALSE
	EndGlobalSection
	GlobalSection(ExtensibilityGlobals) = postSolution
		SolutionGuid = {E0188BA1-57AE-4390-8106-3A65D14E0100}
	EndGlobalSection
EndGlobal
