
Microsoft Visual Studio Solution File, Format Version 12.00
# Visual Studio Version 17
VisualStudioVersion = 17.6.33723.286
MinimumVisualStudioVersion = 10.0.40219.1
Project("{FAE04EC0-301F-11D3-BF4B-00C04F79EFBC}") = "file_egyéb", "file_egyéb\file_egyéb.csproj", "{7520F3E6-B024-4793-B151-3601317B99D9}"
EndProject
Global
	GlobalSection(SolutionConfigurationPlatforms) = preSolution
		Debug|Any CPU = Debug|Any CPU
		Release|Any CPU = Release|Any CPU
	EndGlobalSection
	GlobalSection(ProjectConfigurationPlatforms) = postSolution
		{7520F3E6-B024-4793-B151-3601317B99D9}.Debug|Any CPU.ActiveCfg = Debug|Any CPU
		{7520F3E6-B024-4793-B151-3601317B99D9}.Debug|Any CPU.Build.0 = Debug|Any CPU
		{7520F3E6-B024-4793-B151-3601317B99D9}.Release|Any CPU.ActiveCfg = Release|Any CPU
		{7520F3E6-B024-4793-B151-3601317B99D9}.Release|Any CPU.Build.0 = Release|Any CPU
	EndGlobalSection
	GlobalSection(SolutionProperties) = preSolution
		HideSolutionNode = FALSE
	EndGlobalSection
	GlobalSection(ExtensibilityGlobals) = postSolution
		SolutionGuid = {283C6E39-0A34-418F-BC06-80E4BEC3D382}
	EndGlobalSection
EndGlobal
