
Microsoft Visual Studio Solution File, Format Version 12.00
# Visual Studio Version 17
VisualStudioVersion = 17.3.32825.248
MinimumVisualStudioVersion = 10.0.40219.1
Project("{FAE04EC0-301F-11D3-BF4B-00C04F79EFBC}") = "Gyakorlas3", "Gyakorlas3\Gyakorlas3.csproj", "{E921F10F-2A46-4DE1-AFE9-BD007AA4032E}"
EndProject
Global
	GlobalSection(SolutionConfigurationPlatforms) = preSolution
		Debug|Any CPU = Debug|Any CPU
		Release|Any CPU = Release|Any CPU
	EndGlobalSection
	GlobalSection(ProjectConfigurationPlatforms) = postSolution
		{E921F10F-2A46-4DE1-AFE9-BD007AA4032E}.Debug|Any CPU.ActiveCfg = Debug|Any CPU
		{E921F10F-2A46-4DE1-AFE9-BD007AA4032E}.Debug|Any CPU.Build.0 = Debug|Any CPU
		{E921F10F-2A46-4DE1-AFE9-BD007AA4032E}.Release|Any CPU.ActiveCfg = Release|Any CPU
		{E921F10F-2A46-4DE1-AFE9-BD007AA4032E}.Release|Any CPU.Build.0 = Release|Any CPU
	EndGlobalSection
	GlobalSection(SolutionProperties) = preSolution
		HideSolutionNode = FALSE
	EndGlobalSection
	GlobalSection(ExtensibilityGlobals) = postSolution
		SolutionGuid = {4F577858-F2FD-4EE1-94E1-E1DEC7AAAC6F}
	EndGlobalSection
EndGlobal
