
Microsoft Visual Studio Solution File, Format Version 12.00
# Visual Studio Version 17
VisualStudioVersion = 17.7.34031.279
MinimumVisualStudioVersion = 10.0.40219.1
Project("{FAE04EC0-301F-11D3-BF4B-00C04F79EFBC}") = "Dolgozat", "Dolgozat\Dolgozat.csproj", "{AEAF47A9-31E5-4407-98C5-295C7D79D4DE}"
EndProject
Global
	GlobalSection(SolutionConfigurationPlatforms) = preSolution
		Debug|Any CPU = Debug|Any CPU
		Release|Any CPU = Release|Any CPU
	EndGlobalSection
	GlobalSection(ProjectConfigurationPlatforms) = postSolution
		{AEAF47A9-31E5-4407-98C5-295C7D79D4DE}.Debug|Any CPU.ActiveCfg = Debug|Any CPU
		{AEAF47A9-31E5-4407-98C5-295C7D79D4DE}.Debug|Any CPU.Build.0 = Debug|Any CPU
		{AEAF47A9-31E5-4407-98C5-295C7D79D4DE}.Release|Any CPU.ActiveCfg = Release|Any CPU
		{AEAF47A9-31E5-4407-98C5-295C7D79D4DE}.Release|Any CPU.Build.0 = Release|Any CPU
	EndGlobalSection
	GlobalSection(SolutionProperties) = preSolution
		HideSolutionNode = FALSE
	EndGlobalSection
	GlobalSection(ExtensibilityGlobals) = postSolution
		SolutionGuid = {053A331A-A9BA-470C-B21E-3682E8044406}
	EndGlobalSection
EndGlobal
