
Microsoft Visual Studio Solution File, Format Version 12.00
# Visual Studio Version 17
VisualStudioVersion = 17.7.34031.279
MinimumVisualStudioVersion = 10.0.40219.1
Project("{FAE04EC0-301F-11D3-BF4B-00C04F79EFBC}") = "Oroklodes", "Oroklodes\Oroklodes.csproj", "{0D423616-661E-46E9-886F-A7096CCFA889}"
EndProject
Global
	GlobalSection(SolutionConfigurationPlatforms) = preSolution
		Debug|Any CPU = Debug|Any CPU
		Release|Any CPU = Release|Any CPU
	EndGlobalSection
	GlobalSection(ProjectConfigurationPlatforms) = postSolution
		{0D423616-661E-46E9-886F-A7096CCFA889}.Debug|Any CPU.ActiveCfg = Debug|Any CPU
		{0D423616-661E-46E9-886F-A7096CCFA889}.Debug|Any CPU.Build.0 = Debug|Any CPU
		{0D423616-661E-46E9-886F-A7096CCFA889}.Release|Any CPU.ActiveCfg = Release|Any CPU
		{0D423616-661E-46E9-886F-A7096CCFA889}.Release|Any CPU.Build.0 = Release|Any CPU
	EndGlobalSection
	GlobalSection(SolutionProperties) = preSolution
		HideSolutionNode = FALSE
	EndGlobalSection
	GlobalSection(ExtensibilityGlobals) = postSolution
		SolutionGuid = {B89301AC-CB3D-420B-B22D-258F4C6F0536}
	EndGlobalSection
EndGlobal
