
Microsoft Visual Studio Solution File, Format Version 12.00
# Visual Studio Version 17
VisualStudioVersion = 17.7.34031.279
MinimumVisualStudioVersion = 10.0.40219.1
Project("{FAE04EC0-301F-11D3-BF4B-00C04F79EFBC}") = "felsorolas", "felsorolas\felsorolas.csproj", "{FE8614EA-DB02-42A0-B2F6-B772530F757F}"
EndProject
Global
	GlobalSection(SolutionConfigurationPlatforms) = preSolution
		Debug|Any CPU = Debug|Any CPU
		Release|Any CPU = Release|Any CPU
	EndGlobalSection
	GlobalSection(ProjectConfigurationPlatforms) = postSolution
		{FE8614EA-DB02-42A0-B2F6-B772530F757F}.Debug|Any CPU.ActiveCfg = Debug|Any CPU
		{FE8614EA-DB02-42A0-B2F6-B772530F757F}.Debug|Any CPU.Build.0 = Debug|Any CPU
		{FE8614EA-DB02-42A0-B2F6-B772530F757F}.Release|Any CPU.ActiveCfg = Release|Any CPU
		{FE8614EA-DB02-42A0-B2F6-B772530F757F}.Release|Any CPU.Build.0 = Release|Any CPU
	EndGlobalSection
	GlobalSection(SolutionProperties) = preSolution
		HideSolutionNode = FALSE
	EndGlobalSection
	GlobalSection(ExtensibilityGlobals) = postSolution
		SolutionGuid = {6E8DC2DF-78B1-4D92-BB5A-6275D35BF7D3}
	EndGlobalSection
EndGlobal
