
Microsoft Visual Studio Solution File, Format Version 12.00
# Visual Studio Version 17
VisualStudioVersion = 17.7.34031.279
MinimumVisualStudioVersion = 10.0.40219.1
Project("{FAE04EC0-301F-11D3-BF4B-00C04F79EFBC}") = "2023.11.15", "2023.11.15\2023.11.15.csproj", "{0F1A5E3E-2632-48F6-95D3-CD8D8DA42009}"
EndProject
Global
	GlobalSection(SolutionConfigurationPlatforms) = preSolution
		Debug|Any CPU = Debug|Any CPU
		Release|Any CPU = Release|Any CPU
	EndGlobalSection
	GlobalSection(ProjectConfigurationPlatforms) = postSolution
		{0F1A5E3E-2632-48F6-95D3-CD8D8DA42009}.Debug|Any CPU.ActiveCfg = Debug|Any CPU
		{0F1A5E3E-2632-48F6-95D3-CD8D8DA42009}.Debug|Any CPU.Build.0 = Debug|Any CPU
		{0F1A5E3E-2632-48F6-95D3-CD8D8DA42009}.Release|Any CPU.ActiveCfg = Release|Any CPU
		{0F1A5E3E-2632-48F6-95D3-CD8D8DA42009}.Release|Any CPU.Build.0 = Release|Any CPU
	EndGlobalSection
	GlobalSection(SolutionProperties) = preSolution
		HideSolutionNode = FALSE
	EndGlobalSection
	GlobalSection(ExtensibilityGlobals) = postSolution
		SolutionGuid = {F6012B07-9CE5-4706-8E65-85E3CDDEE843}
	EndGlobalSection
EndGlobal
