
Microsoft Visual Studio Solution File, Format Version 12.00
# Visual Studio Version 17
VisualStudioVersion = 17.7.34031.279
MinimumVisualStudioVersion = 10.0.40219.1
Project("{FAE04EC0-301F-11D3-BF4B-00C04F79EFBC}") = "karacsonyCLI", "karacsonyCLI\karacsonyCLI.csproj", "{FB69A2EE-75B3-470E-8FBE-FBEF9B566303}"
EndProject
Global
	GlobalSection(SolutionConfigurationPlatforms) = preSolution
		Debug|Any CPU = Debug|Any CPU
		Release|Any CPU = Release|Any CPU
	EndGlobalSection
	GlobalSection(ProjectConfigurationPlatforms) = postSolution
		{FB69A2EE-75B3-470E-8FBE-FBEF9B566303}.Debug|Any CPU.ActiveCfg = Debug|Any CPU
		{FB69A2EE-75B3-470E-8FBE-FBEF9B566303}.Debug|Any CPU.Build.0 = Debug|Any CPU
		{FB69A2EE-75B3-470E-8FBE-FBEF9B566303}.Release|Any CPU.ActiveCfg = Release|Any CPU
		{FB69A2EE-75B3-470E-8FBE-FBEF9B566303}.Release|Any CPU.Build.0 = Release|Any CPU
	EndGlobalSection
	GlobalSection(SolutionProperties) = preSolution
		HideSolutionNode = FALSE
	EndGlobalSection
	GlobalSection(ExtensibilityGlobals) = postSolution
		SolutionGuid = {5A7CD0CC-0501-4E63-9AA3-6477E52245F3}
	EndGlobalSection
EndGlobal
