
Microsoft Visual Studio Solution File, Format Version 12.00
# Visual Studio Version 16
VisualStudioVersion = 25.0.1706.5
MinimumVisualStudioVersion = 10.0.40219.1
Project("{FAE04EC0-301F-11D3-BF4B-00C04F79EFBC}") = "dolgozat2feladat", "dolgozat2feladat\dolgozat2feladat.csproj", "{C407EE32-F879-48C4-A22F-EB54A7156968}"
EndProject
Global
	GlobalSection(SolutionConfigurationPlatforms) = preSolution
		Debug|Any CPU = Debug|Any CPU
		Release|Any CPU = Release|Any CPU
	EndGlobalSection
	GlobalSection(ProjectConfigurationPlatforms) = postSolution
		{C407EE32-F879-48C4-A22F-EB54A7156968}.Debug|Any CPU.ActiveCfg = Debug|Any CPU
		{C407EE32-F879-48C4-A22F-EB54A7156968}.Debug|Any CPU.Build.0 = Debug|Any CPU
		{C407EE32-F879-48C4-A22F-EB54A7156968}.Release|Any CPU.ActiveCfg = Release|Any CPU
		{C407EE32-F879-48C4-A22F-EB54A7156968}.Release|Any CPU.Build.0 = Release|Any CPU
	EndGlobalSection
	GlobalSection(SolutionProperties) = preSolution
		HideSolutionNode = FALSE
	EndGlobalSection
	GlobalSection(ExtensibilityGlobals) = postSolution
		SolutionGuid = {DA499A08-6119-4AE0-BD87-091F9345E7FA}
	EndGlobalSection
EndGlobal
