
Microsoft Visual Studio Solution File, Format Version 12.00
# Visual Studio Version 17
VisualStudioVersion = 17.9.34622.214
MinimumVisualStudioVersion = 10.0.40219.1
Project("{FAE04EC0-301F-11D3-BF4B-00C04F79EFBC}") = "api1", "api1\api1.csproj", "{82742233-619D-4AC1-9394-1035AA285CD6}"
EndProject
Global
	GlobalSection(SolutionConfigurationPlatforms) = preSolution
		Debug|Any CPU = Debug|Any CPU
		Release|Any CPU = Release|Any CPU
	EndGlobalSection
	GlobalSection(ProjectConfigurationPlatforms) = postSolution
		{82742233-619D-4AC1-9394-1035AA285CD6}.Debug|Any CPU.ActiveCfg = Debug|Any CPU
		{82742233-619D-4AC1-9394-1035AA285CD6}.Debug|Any CPU.Build.0 = Debug|Any CPU
		{82742233-619D-4AC1-9394-1035AA285CD6}.Release|Any CPU.ActiveCfg = Release|Any CPU
		{82742233-619D-4AC1-9394-1035AA285CD6}.Release|Any CPU.Build.0 = Release|Any CPU
	EndGlobalSection
	GlobalSection(SolutionProperties) = preSolution
		HideSolutionNode = FALSE
	EndGlobalSection
	GlobalSection(ExtensibilityGlobals) = postSolution
		SolutionGuid = {7F2FE506-F4EC-4959-B4E1-5CB236AF4EA0}
	EndGlobalSection
EndGlobal
