
Microsoft Visual Studio Solution File, Format Version 12.00
# Visual Studio Version 17
VisualStudioVersion = 17.6.33723.286
MinimumVisualStudioVersion = 10.0.40219.1
Project("{FAE04EC0-301F-11D3-BF4B-00C04F79EFBC}") = "gyakorlas2", "gyakorlas2\gyakorlas2.csproj", "{2D34FA3C-EFC5-4BBF-B522-26E97800C170}"
EndProject
Global
	GlobalSection(SolutionConfigurationPlatforms) = preSolution
		Debug|Any CPU = Debug|Any CPU
		Release|Any CPU = Release|Any CPU
	EndGlobalSection
	GlobalSection(ProjectConfigurationPlatforms) = postSolution
		{2D34FA3C-EFC5-4BBF-B522-26E97800C170}.Debug|Any CPU.ActiveCfg = Debug|Any CPU
		{2D34FA3C-EFC5-4BBF-B522-26E97800C170}.Debug|Any CPU.Build.0 = Debug|Any CPU
		{2D34FA3C-EFC5-4BBF-B522-26E97800C170}.Release|Any CPU.ActiveCfg = Release|Any CPU
		{2D34FA3C-EFC5-4BBF-B522-26E97800C170}.Release|Any CPU.Build.0 = Release|Any CPU
	EndGlobalSection
	GlobalSection(SolutionProperties) = preSolution
		HideSolutionNode = FALSE
	EndGlobalSection
	GlobalSection(ExtensibilityGlobals) = postSolution
		SolutionGuid = {BB8BBAE5-269C-4D04-91ED-61B1EEED4AF4}
	EndGlobalSection
EndGlobal
