
Microsoft Visual Studio Solution File, Format Version 12.00
# Visual Studio Version 17
VisualStudioVersion = 17.6.33723.286
MinimumVisualStudioVersion = 10.0.40219.1
Project("{FAE04EC0-301F-11D3-BF4B-00C04F79EFBC}") = "tomb", "tomb\tomb.csproj", "{987DACCE-0FC5-4DB2-BE7B-1C2401260172}"
EndProject
Global
	GlobalSection(SolutionConfigurationPlatforms) = preSolution
		Debug|Any CPU = Debug|Any CPU
		Release|Any CPU = Release|Any CPU
	EndGlobalSection
	GlobalSection(ProjectConfigurationPlatforms) = postSolution
		{987DACCE-0FC5-4DB2-BE7B-1C2401260172}.Debug|Any CPU.ActiveCfg = Debug|Any CPU
		{987DACCE-0FC5-4DB2-BE7B-1C2401260172}.Debug|Any CPU.Build.0 = Debug|Any CPU
		{987DACCE-0FC5-4DB2-BE7B-1C2401260172}.Release|Any CPU.ActiveCfg = Release|Any CPU
		{987DACCE-0FC5-4DB2-BE7B-1C2401260172}.Release|Any CPU.Build.0 = Release|Any CPU
	EndGlobalSection
	GlobalSection(SolutionProperties) = preSolution
		HideSolutionNode = FALSE
	EndGlobalSection
	GlobalSection(ExtensibilityGlobals) = postSolution
		SolutionGuid = {FFF69F55-B07F-4B74-867D-0BC9C2B5C17F}
	EndGlobalSection
EndGlobal
