
Microsoft Visual Studio Solution File, Format Version 12.00
# Visual Studio Version 17
VisualStudioVersion = 17.3.32825.248
MinimumVisualStudioVersion = 10.0.40219.1
Project("{FAE04EC0-301F-11D3-BF4B-00C04F79EFBC}") = "Gyakorlás", "Gyakorlás\Gyakorlás.csproj", "{067BA4E7-8365-4C36-8E9D-A15161AFDBDD}"
EndProject
Global
	GlobalSection(SolutionConfigurationPlatforms) = preSolution
		Debug|Any CPU = Debug|Any CPU
		Release|Any CPU = Release|Any CPU
	EndGlobalSection
	GlobalSection(ProjectConfigurationPlatforms) = postSolution
		{067BA4E7-8365-4C36-8E9D-A15161AFDBDD}.Debug|Any CPU.ActiveCfg = Debug|Any CPU
		{067BA4E7-8365-4C36-8E9D-A15161AFDBDD}.Debug|Any CPU.Build.0 = Debug|Any CPU
		{067BA4E7-8365-4C36-8E9D-A15161AFDBDD}.Release|Any CPU.ActiveCfg = Release|Any CPU
		{067BA4E7-8365-4C36-8E9D-A15161AFDBDD}.Release|Any CPU.Build.0 = Release|Any CPU
	EndGlobalSection
	GlobalSection(SolutionProperties) = preSolution
		HideSolutionNode = FALSE
	EndGlobalSection
	GlobalSection(ExtensibilityGlobals) = postSolution
		SolutionGuid = {DD947FEC-3540-4385-9D18-62389C67436D}
	EndGlobalSection
EndGlobal
