
Microsoft Visual Studio Solution File, Format Version 12.00
# Visual Studio Version 17
VisualStudioVersion = 17.7.34031.279
MinimumVisualStudioVersion = 10.0.40219.1
Project("{FAE04EC0-301F-11D3-BF4B-00C04F79EFBC}") = "ProgramozasiTetelek_2", "ProgramozasiTetelek_2\ProgramozasiTetelek_2.csproj", "{914E1FD0-46C9-40FB-BEE5-CAD086A2B2EC}"
EndProject
Global
	GlobalSection(SolutionConfigurationPlatforms) = preSolution
		Debug|Any CPU = Debug|Any CPU
		Release|Any CPU = Release|Any CPU
	EndGlobalSection
	GlobalSection(ProjectConfigurationPlatforms) = postSolution
		{914E1FD0-46C9-40FB-BEE5-CAD086A2B2EC}.Debug|Any CPU.ActiveCfg = Debug|Any CPU
		{914E1FD0-46C9-40FB-BEE5-CAD086A2B2EC}.Debug|Any CPU.Build.0 = Debug|Any CPU
		{914E1FD0-46C9-40FB-BEE5-CAD086A2B2EC}.Release|Any CPU.ActiveCfg = Release|Any CPU
		{914E1FD0-46C9-40FB-BEE5-CAD086A2B2EC}.Release|Any CPU.Build.0 = Release|Any CPU
	EndGlobalSection
	GlobalSection(SolutionProperties) = preSolution
		HideSolutionNode = FALSE
	EndGlobalSection
	GlobalSection(ExtensibilityGlobals) = postSolution
		SolutionGuid = {E2CC5370-1144-4EE6-84E3-69C3BFA0A09F}
	EndGlobalSection
EndGlobal
