
Microsoft Visual Studio Solution File, Format Version 12.00
# Visual Studio Version 17
VisualStudioVersion = 17.6.33723.286
MinimumVisualStudioVersion = 10.0.40219.1
Project("{FAE04EC0-301F-11D3-BF4B-00C04F79EFBC}") = "lista_osztaly", "lista_osztaly\lista_osztaly.csproj", "{73416B43-9E39-46CF-A8AF-493AC4EF4721}"
EndProject
Global
	GlobalSection(SolutionConfigurationPlatforms) = preSolution
		Debug|Any CPU = Debug|Any CPU
		Release|Any CPU = Release|Any CPU
	EndGlobalSection
	GlobalSection(ProjectConfigurationPlatforms) = postSolution
		{73416B43-9E39-46CF-A8AF-493AC4EF4721}.Debug|Any CPU.ActiveCfg = Debug|Any CPU
		{73416B43-9E39-46CF-A8AF-493AC4EF4721}.Debug|Any CPU.Build.0 = Debug|Any CPU
		{73416B43-9E39-46CF-A8AF-493AC4EF4721}.Release|Any CPU.ActiveCfg = Release|Any CPU
		{73416B43-9E39-46CF-A8AF-493AC4EF4721}.Release|Any CPU.Build.0 = Release|Any CPU
	EndGlobalSection
	GlobalSection(SolutionProperties) = preSolution
		HideSolutionNode = FALSE
	EndGlobalSection
	GlobalSection(ExtensibilityGlobals) = postSolution
		SolutionGuid = {C765072C-B984-4009-8C47-E5046F261841}
	EndGlobalSection
EndGlobal
