
Microsoft Visual Studio Solution File, Format Version 12.00
# Visual Studio Version 17
VisualStudioVersion = 17.7.34031.279
MinimumVisualStudioVersion = 10.0.40219.1
Project("{FAE04EC0-301F-11D3-BF4B-00C04F79EFBC}") = "KaracsonyCLI", "KaracsonyCLI\KaracsonyCLI.csproj", "{06C42B9F-DB18-400E-B19D-7FAECACA0BB9}"
EndProject
Global
	GlobalSection(SolutionConfigurationPlatforms) = preSolution
		Debug|Any CPU = Debug|Any CPU
		Release|Any CPU = Release|Any CPU
	EndGlobalSection
	GlobalSection(ProjectConfigurationPlatforms) = postSolution
		{06C42B9F-DB18-400E-B19D-7FAECACA0BB9}.Debug|Any CPU.ActiveCfg = Debug|Any CPU
		{06C42B9F-DB18-400E-B19D-7FAECACA0BB9}.Debug|Any CPU.Build.0 = Debug|Any CPU
		{06C42B9F-DB18-400E-B19D-7FAECACA0BB9}.Release|Any CPU.ActiveCfg = Release|Any CPU
		{06C42B9F-DB18-400E-B19D-7FAECACA0BB9}.Release|Any CPU.Build.0 = Release|Any CPU
	EndGlobalSection
	GlobalSection(SolutionProperties) = preSolution
		HideSolutionNode = FALSE
	EndGlobalSection
	GlobalSection(ExtensibilityGlobals) = postSolution
		SolutionGuid = {F3B307B0-A1D3-471E-89F6-55496DD8B68D}
	EndGlobalSection
EndGlobal
