
Microsoft Visual Studio Solution File, Format Version 12.00
# Visual Studio Version 17
VisualStudioVersion = 17.6.33723.286
MinimumVisualStudioVersion = 10.0.40219.1
Project("{FAE04EC0-301F-11D3-BF4B-00C04F79EFBC}") = "programozási tételek2", "programozási tételek2\programozási tételek2.csproj", "{26704972-AD15-4131-9EAA-11B7B3F1A0FD}"
EndProject
Global
	GlobalSection(SolutionConfigurationPlatforms) = preSolution
		Debug|Any CPU = Debug|Any CPU
		Release|Any CPU = Release|Any CPU
	EndGlobalSection
	GlobalSection(ProjectConfigurationPlatforms) = postSolution
		{26704972-AD15-4131-9EAA-11B7B3F1A0FD}.Debug|Any CPU.ActiveCfg = Debug|Any CPU
		{26704972-AD15-4131-9EAA-11B7B3F1A0FD}.Debug|Any CPU.Build.0 = Debug|Any CPU
		{26704972-AD15-4131-9EAA-11B7B3F1A0FD}.Release|Any CPU.ActiveCfg = Release|Any CPU
		{26704972-AD15-4131-9EAA-11B7B3F1A0FD}.Release|Any CPU.Build.0 = Release|Any CPU
	EndGlobalSection
	GlobalSection(SolutionProperties) = preSolution
		HideSolutionNode = FALSE
	EndGlobalSection
	GlobalSection(ExtensibilityGlobals) = postSolution
		SolutionGuid = {790A72C3-0F50-42AC-989F-891D32F6CB32}
	EndGlobalSection
EndGlobal
