
Microsoft Visual Studio Solution File, Format Version 12.00
# Visual Studio Version 17
VisualStudioVersion = 17.7.34031.279
MinimumVisualStudioVersion = 10.0.40219.1
Project("{FAE04EC0-301F-11D3-BF4B-00C04F79EFBC}") = "op1", "op1\op1.csproj", "{9439F379-20C0-4282-AF30-2754A33C0E66}"
EndProject
Global
	GlobalSection(SolutionConfigurationPlatforms) = preSolution
		Debug|Any CPU = Debug|Any CPU
		Release|Any CPU = Release|Any CPU
	EndGlobalSection
	GlobalSection(ProjectConfigurationPlatforms) = postSolution
		{9439F379-20C0-4282-AF30-2754A33C0E66}.Debug|Any CPU.ActiveCfg = Debug|Any CPU
		{9439F379-20C0-4282-AF30-2754A33C0E66}.Debug|Any CPU.Build.0 = Debug|Any CPU
		{9439F379-20C0-4282-AF30-2754A33C0E66}.Release|Any CPU.ActiveCfg = Release|Any CPU
		{9439F379-20C0-4282-AF30-2754A33C0E66}.Release|Any CPU.Build.0 = Release|Any CPU
	EndGlobalSection
	GlobalSection(SolutionProperties) = preSolution
		HideSolutionNode = FALSE
	EndGlobalSection
	GlobalSection(ExtensibilityGlobals) = postSolution
		SolutionGuid = {ABA5A4EE-3CC7-4317-8308-39EC4D6CB7B3}
	EndGlobalSection
EndGlobal
