
Microsoft Visual Studio Solution File, Format Version 12.00
# Visual Studio Version 17
VisualStudioVersion = 17.3.32825.248
MinimumVisualStudioVersion = 10.0.40219.1
Project("{FAE04EC0-301F-11D3-BF4B-00C04F79EFBC}") = "Gyakorlas4", "Gyakorlas4\Gyakorlas4.csproj", "{DF79CD7F-D03A-4CDC-AB40-03664C923488}"
EndProject
Global
	GlobalSection(SolutionConfigurationPlatforms) = preSolution
		Debug|Any CPU = Debug|Any CPU
		Release|Any CPU = Release|Any CPU
	EndGlobalSection
	GlobalSection(ProjectConfigurationPlatforms) = postSolution
		{DF79CD7F-D03A-4CDC-AB40-03664C923488}.Debug|Any CPU.ActiveCfg = Debug|Any CPU
		{DF79CD7F-D03A-4CDC-AB40-03664C923488}.Debug|Any CPU.Build.0 = Debug|Any CPU
		{DF79CD7F-D03A-4CDC-AB40-03664C923488}.Release|Any CPU.ActiveCfg = Release|Any CPU
		{DF79CD7F-D03A-4CDC-AB40-03664C923488}.Release|Any CPU.Build.0 = Release|Any CPU
	EndGlobalSection
	GlobalSection(SolutionProperties) = preSolution
		HideSolutionNode = FALSE
	EndGlobalSection
	GlobalSection(ExtensibilityGlobals) = postSolution
		SolutionGuid = {2B100405-1DA4-4BB2-A110-43B043045F05}
	EndGlobalSection
EndGlobal
