
Microsoft Visual Studio Solution File, Format Version 12.00
# Visual Studio Version 17
VisualStudioVersion = 17.7.34031.279
MinimumVisualStudioVersion = 10.0.40219.1
Project("{FAE04EC0-301F-11D3-BF4B-00C04F79EFBC}") = "Applikacio", "Applikacio\Applikacio.csproj", "{F3454FE8-314C-48C6-8638-02F095025D72}"
EndProject
Global
	GlobalSection(SolutionConfigurationPlatforms) = preSolution
		Debug|Any CPU = Debug|Any CPU
		Release|Any CPU = Release|Any CPU
	EndGlobalSection
	GlobalSection(ProjectConfigurationPlatforms) = postSolution
		{F3454FE8-314C-48C6-8638-02F095025D72}.Debug|Any CPU.ActiveCfg = Debug|Any CPU
		{F3454FE8-314C-48C6-8638-02F095025D72}.Debug|Any CPU.Build.0 = Debug|Any CPU
		{F3454FE8-314C-48C6-8638-02F095025D72}.Release|Any CPU.ActiveCfg = Release|Any CPU
		{F3454FE8-314C-48C6-8638-02F095025D72}.Release|Any CPU.Build.0 = Release|Any CPU
	EndGlobalSection
	GlobalSection(SolutionProperties) = preSolution
		HideSolutionNode = FALSE
	EndGlobalSection
	GlobalSection(ExtensibilityGlobals) = postSolution
		SolutionGuid = {27194457-D5AD-44B2-BF8D-3C7607B8F915}
	EndGlobalSection
EndGlobal
