
Microsoft Visual Studio Solution File, Format Version 12.00
# Visual Studio Version 17
VisualStudioVersion = 17.3.32825.248
MinimumVisualStudioVersion = 10.0.40219.1
Project("{FAE04EC0-301F-11D3-BF4B-00C04F79EFBC}") = "osszetett", "osszetett\osszetett.csproj", "{EFF47031-3AD8-4E97-B72F-046405C6B710}"
EndProject
Global
	GlobalSection(SolutionConfigurationPlatforms) = preSolution
		Debug|Any CPU = Debug|Any CPU
		Release|Any CPU = Release|Any CPU
	EndGlobalSection
	GlobalSection(ProjectConfigurationPlatforms) = postSolution
		{EFF47031-3AD8-4E97-B72F-046405C6B710}.Debug|Any CPU.ActiveCfg = Debug|Any CPU
		{EFF47031-3AD8-4E97-B72F-046405C6B710}.Debug|Any CPU.Build.0 = Debug|Any CPU
		{EFF47031-3AD8-4E97-B72F-046405C6B710}.Release|Any CPU.ActiveCfg = Release|Any CPU
		{EFF47031-3AD8-4E97-B72F-046405C6B710}.Release|Any CPU.Build.0 = Release|Any CPU
	EndGlobalSection
	GlobalSection(SolutionProperties) = preSolution
		HideSolutionNode = FALSE
	EndGlobalSection
	GlobalSection(ExtensibilityGlobals) = postSolution
		SolutionGuid = {621A58F9-8418-4F5E-97D1-8129665E462E}
	EndGlobalSection
EndGlobal
