
Microsoft Visual Studio Solution File, Format Version 12.00
# Visual Studio Version 17
VisualStudioVersion = 17.7.34031.279
MinimumVisualStudioVersion = 10.0.40219.1
Project("{FAE04EC0-301F-11D3-BF4B-00C04F79EFBC}") = "delegacio4", "delegacio4\delegacio4.csproj", "{81D61F01-B0F4-4B67-A17D-FC32C9D0C85F}"
EndProject
Global
	GlobalSection(SolutionConfigurationPlatforms) = preSolution
		Debug|Any CPU = Debug|Any CPU
		Release|Any CPU = Release|Any CPU
	EndGlobalSection
	GlobalSection(ProjectConfigurationPlatforms) = postSolution
		{81D61F01-B0F4-4B67-A17D-FC32C9D0C85F}.Debug|Any CPU.ActiveCfg = Debug|Any CPU
		{81D61F01-B0F4-4B67-A17D-FC32C9D0C85F}.Debug|Any CPU.Build.0 = Debug|Any CPU
		{81D61F01-B0F4-4B67-A17D-FC32C9D0C85F}.Release|Any CPU.ActiveCfg = Release|Any CPU
		{81D61F01-B0F4-4B67-A17D-FC32C9D0C85F}.Release|Any CPU.Build.0 = Release|Any CPU
	EndGlobalSection
	GlobalSection(SolutionProperties) = preSolution
		HideSolutionNode = FALSE
	EndGlobalSection
	GlobalSection(ExtensibilityGlobals) = postSolution
		SolutionGuid = {4E53675C-9629-4F6B-A535-CBECB1C2FC5D}
	EndGlobalSection
EndGlobal
