
Microsoft Visual Studio Solution File, Format Version 12.00
# Visual Studio Version 17
VisualStudioVersion = 17.8.34525.116
MinimumVisualStudioVersion = 10.0.40219.1
Project("{FAE04EC0-301F-11D3-BF4B-00C04F79EFBC}") = "egyete", "egyete\egyete.csproj", "{A9BD3E5D-0C1D-413A-BAD3-30F2AA400F74}"
EndProject
Global
	GlobalSection(SolutionConfigurationPlatforms) = preSolution
		Debug|Any CPU = Debug|Any CPU
		Release|Any CPU = Release|Any CPU
	EndGlobalSection
	GlobalSection(ProjectConfigurationPlatforms) = postSolution
		{A9BD3E5D-0C1D-413A-BAD3-30F2AA400F74}.Debug|Any CPU.ActiveCfg = Debug|Any CPU
		{A9BD3E5D-0C1D-413A-BAD3-30F2AA400F74}.Debug|Any CPU.Build.0 = Debug|Any CPU
		{A9BD3E5D-0C1D-413A-BAD3-30F2AA400F74}.Release|Any CPU.ActiveCfg = Release|Any CPU
		{A9BD3E5D-0C1D-413A-BAD3-30F2AA400F74}.Release|Any CPU.Build.0 = Release|Any CPU
	EndGlobalSection
	GlobalSection(SolutionProperties) = preSolution
		HideSolutionNode = FALSE
	EndGlobalSection
	GlobalSection(ExtensibilityGlobals) = postSolution
		SolutionGuid = {A0C01B80-8C14-4777-B548-CAA6B3D0ED46}
	EndGlobalSection
EndGlobal
