
Microsoft Visual Studio Solution File, Format Version 12.00
# Visual Studio Version 17
VisualStudioVersion = 17.3.32825.248
MinimumVisualStudioVersion = 10.0.40219.1
Project("{FAE04EC0-301F-11D3-BF4B-00C04F79EFBC}") = "parameterek", "parameterek\parameterek.csproj", "{A624E66D-A851-4BBD-B439-11BD2CA7DEB2}"
EndProject
Global
	GlobalSection(SolutionConfigurationPlatforms) = preSolution
		Debug|Any CPU = Debug|Any CPU
		Release|Any CPU = Release|Any CPU
	EndGlobalSection
	GlobalSection(ProjectConfigurationPlatforms) = postSolution
		{A624E66D-A851-4BBD-B439-11BD2CA7DEB2}.Debug|Any CPU.ActiveCfg = Debug|Any CPU
		{A624E66D-A851-4BBD-B439-11BD2CA7DEB2}.Debug|Any CPU.Build.0 = Debug|Any CPU
		{A624E66D-A851-4BBD-B439-11BD2CA7DEB2}.Release|Any CPU.ActiveCfg = Release|Any CPU
		{A624E66D-A851-4BBD-B439-11BD2CA7DEB2}.Release|Any CPU.Build.0 = Release|Any CPU
	EndGlobalSection
	GlobalSection(SolutionProperties) = preSolution
		HideSolutionNode = FALSE
	EndGlobalSection
	GlobalSection(ExtensibilityGlobals) = postSolution
		SolutionGuid = {068F70D3-EE16-45C6-A779-F60E3F35882C}
	EndGlobalSection
EndGlobal
