
Microsoft Visual Studio Solution File, Format Version 12.00
# Visual Studio Version 17
VisualStudioVersion = 17.3.32825.248
MinimumVisualStudioVersion = 10.0.40219.1
Project("{FAE04EC0-301F-11D3-BF4B-00C04F79EFBC}") = "Paraméter_átadás", "Paraméter_átadás\Paraméter_átadás.csproj", "{A95C3EA4-84A9-4F04-B665-CD29A1E792CB}"
EndProject
Global
	GlobalSection(SolutionConfigurationPlatforms) = preSolution
		Debug|Any CPU = Debug|Any CPU
		Release|Any CPU = Release|Any CPU
	EndGlobalSection
	GlobalSection(ProjectConfigurationPlatforms) = postSolution
		{A95C3EA4-84A9-4F04-B665-CD29A1E792CB}.Debug|Any CPU.ActiveCfg = Debug|Any CPU
		{A95C3EA4-84A9-4F04-B665-CD29A1E792CB}.Debug|Any CPU.Build.0 = Debug|Any CPU
		{A95C3EA4-84A9-4F04-B665-CD29A1E792CB}.Release|Any CPU.ActiveCfg = Release|Any CPU
		{A95C3EA4-84A9-4F04-B665-CD29A1E792CB}.Release|Any CPU.Build.0 = Release|Any CPU
	EndGlobalSection
	GlobalSection(SolutionProperties) = preSolution
		HideSolutionNode = FALSE
	EndGlobalSection
	GlobalSection(ExtensibilityGlobals) = postSolution
		SolutionGuid = {F570B11E-05EA-4905-81AB-27AADA6CC23E}
	EndGlobalSection
EndGlobal
