
Microsoft Visual Studio Solution File, Format Version 12.00
# Visual Studio Version 17
VisualStudioVersion = 17.3.32825.248
MinimumVisualStudioVersion = 10.0.40219.1
Project("{FAE04EC0-301F-11D3-BF4B-00C04F79EFBC}") = "asd", "asd\asd.csproj", "{FB35EABE-7088-4E46-8A43-8C5207FD90A0}"
EndProject
Global
	GlobalSection(SolutionConfigurationPlatforms) = preSolution
		Debug|Any CPU = Debug|Any CPU
		Release|Any CPU = Release|Any CPU
	EndGlobalSection
	GlobalSection(ProjectConfigurationPlatforms) = postSolution
		{FB35EABE-7088-4E46-8A43-8C5207FD90A0}.Debug|Any CPU.ActiveCfg = Debug|Any CPU
		{FB35EABE-7088-4E46-8A43-8C5207FD90A0}.Debug|Any CPU.Build.0 = Debug|Any CPU
		{FB35EABE-7088-4E46-8A43-8C5207FD90A0}.Release|Any CPU.ActiveCfg = Release|Any CPU
		{FB35EABE-7088-4E46-8A43-8C5207FD90A0}.Release|Any CPU.Build.0 = Release|Any CPU
	EndGlobalSection
	GlobalSection(SolutionProperties) = preSolution
		HideSolutionNode = FALSE
	EndGlobalSection
	GlobalSection(ExtensibilityGlobals) = postSolution
		SolutionGuid = {31483214-0551-49B5-8629-AAC0E97EAA05}
	EndGlobalSection
EndGlobal
