
Microsoft Visual Studio Solution File, Format Version 12.00
# Visual Studio Version 17
VisualStudioVersion = 17.8.34525.116
MinimumVisualStudioVersion = 10.0.40219.1
Project("{FAE04EC0-301F-11D3-BF4B-00C04F79EFBC}") = "eseménykezelés paraméterrel", "eseménykezelés paraméterrel\eseménykezelés paraméterrel.csproj", "{0B7B2014-7FFE-4381-88D6-DEDA8915FBBC}"
EndProject
Global
	GlobalSection(SolutionConfigurationPlatforms) = preSolution
		Debug|Any CPU = Debug|Any CPU
		Release|Any CPU = Release|Any CPU
	EndGlobalSection
	GlobalSection(ProjectConfigurationPlatforms) = postSolution
		{0B7B2014-7FFE-4381-88D6-DEDA8915FBBC}.Debug|Any CPU.ActiveCfg = Debug|Any CPU
		{0B7B2014-7FFE-4381-88D6-DEDA8915FBBC}.Debug|Any CPU.Build.0 = Debug|Any CPU
		{0B7B2014-7FFE-4381-88D6-DEDA8915FBBC}.Release|Any CPU.ActiveCfg = Release|Any CPU
		{0B7B2014-7FFE-4381-88D6-DEDA8915FBBC}.Release|Any CPU.Build.0 = Release|Any CPU
	EndGlobalSection
	GlobalSection(SolutionProperties) = preSolution
		HideSolutionNode = FALSE
	EndGlobalSection
	GlobalSection(ExtensibilityGlobals) = postSolution
		SolutionGuid = {A970B53D-0ACA-4798-8C6C-50183642E32F}
	EndGlobalSection
EndGlobal
