
Microsoft Visual Studio Solution File, Format Version 12.00
# Visual Studio Version 17
VisualStudioVersion = 17.7.34031.279
MinimumVisualStudioVersion = 10.0.40219.1
Project("{FAE04EC0-301F-11D3-BF4B-00C04F79EFBC}") = "nev", "nev\nev.csproj", "{3FB22D11-1F9D-42DC-9379-4D6535976886}"
EndProject
Global
	GlobalSection(SolutionConfigurationPlatforms) = preSolution
		Debug|Any CPU = Debug|Any CPU
		Release|Any CPU = Release|Any CPU
	EndGlobalSection
	GlobalSection(ProjectConfigurationPlatforms) = postSolution
		{3FB22D11-1F9D-42DC-9379-4D6535976886}.Debug|Any CPU.ActiveCfg = Debug|Any CPU
		{3FB22D11-1F9D-42DC-9379-4D6535976886}.Debug|Any CPU.Build.0 = Debug|Any CPU
		{3FB22D11-1F9D-42DC-9379-4D6535976886}.Release|Any CPU.ActiveCfg = Release|Any CPU
		{3FB22D11-1F9D-42DC-9379-4D6535976886}.Release|Any CPU.Build.0 = Release|Any CPU
	EndGlobalSection
	GlobalSection(SolutionProperties) = preSolution
		HideSolutionNode = FALSE
	EndGlobalSection
	GlobalSection(ExtensibilityGlobals) = postSolution
		SolutionGuid = {169693C9-C67D-4EEE-8B90-3C476D7C9612}
	EndGlobalSection
EndGlobal
