
Microsoft Visual Studio Solution File, Format Version 12.00
# Visual Studio Version 17
VisualStudioVersion = 17.7.34031.279
MinimumVisualStudioVersion = 10.0.40219.1
Project("{FAE04EC0-301F-11D3-BF4B-00C04F79EFBC}") = "Kiválasztás tétele", "Kiválasztás tétele\Kiválasztás tétele.csproj", "{D7897AB1-7524-4CBA-8D81-AD87031A810C}"
EndProject
Global
	GlobalSection(SolutionConfigurationPlatforms) = preSolution
		Debug|Any CPU = Debug|Any CPU
		Release|Any CPU = Release|Any CPU
	EndGlobalSection
	GlobalSection(ProjectConfigurationPlatforms) = postSolution
		{D7897AB1-7524-4CBA-8D81-AD87031A810C}.Debug|Any CPU.ActiveCfg = Debug|Any CPU
		{D7897AB1-7524-4CBA-8D81-AD87031A810C}.Debug|Any CPU.Build.0 = Debug|Any CPU
		{D7897AB1-7524-4CBA-8D81-AD87031A810C}.Release|Any CPU.ActiveCfg = Release|Any CPU
		{D7897AB1-7524-4CBA-8D81-AD87031A810C}.Release|Any CPU.Build.0 = Release|Any CPU
	EndGlobalSection
	GlobalSection(SolutionProperties) = preSolution
		HideSolutionNode = FALSE
	EndGlobalSection
	GlobalSection(ExtensibilityGlobals) = postSolution
		SolutionGuid = {86917D41-A16C-4F4D-8B10-0BDDB152B743}
	EndGlobalSection
EndGlobal
