
Microsoft Visual Studio Solution File, Format Version 12.00
# Visual Studio Version 17
VisualStudioVersion = 17.3.32825.248
MinimumVisualStudioVersion = 10.0.40219.1
Project("{FAE04EC0-301F-11D3-BF4B-00C04F79EFBC}") = "gyakorlas6939635", "gyakorlas6939635\gyakorlas6939635.csproj", "{2D9AE2F0-273A-42E0-94A7-0C794A85EFF7}"
EndProject
Global
	GlobalSection(SolutionConfigurationPlatforms) = preSolution
		Debug|Any CPU = Debug|Any CPU
		Release|Any CPU = Release|Any CPU
	EndGlobalSection
	GlobalSection(ProjectConfigurationPlatforms) = postSolution
		{2D9AE2F0-273A-42E0-94A7-0C794A85EFF7}.Debug|Any CPU.ActiveCfg = Debug|Any CPU
		{2D9AE2F0-273A-42E0-94A7-0C794A85EFF7}.Debug|Any CPU.Build.0 = Debug|Any CPU
		{2D9AE2F0-273A-42E0-94A7-0C794A85EFF7}.Release|Any CPU.ActiveCfg = Release|Any CPU
		{2D9AE2F0-273A-42E0-94A7-0C794A85EFF7}.Release|Any CPU.Build.0 = Release|Any CPU
	EndGlobalSection
	GlobalSection(SolutionProperties) = preSolution
		HideSolutionNode = FALSE
	EndGlobalSection
	GlobalSection(ExtensibilityGlobals) = postSolution
		SolutionGuid = {3EF54680-FE41-4EB9-9EF6-AB2478F488C0}
	EndGlobalSection
EndGlobal
