
Microsoft Visual Studio Solution File, Format Version 12.00
# Visual Studio Version 17
VisualStudioVersion = 17.6.33723.286
MinimumVisualStudioVersion = 10.0.40219.1
Project("{FAE04EC0-301F-11D3-BF4B-00C04F79EFBC}") = "dolgozat", "dolgozat\dolgozat.csproj", "{56770827-8125-4233-BBDA-240CE83C278E}"
EndProject
Global
	GlobalSection(SolutionConfigurationPlatforms) = preSolution
		Debug|Any CPU = Debug|Any CPU
		Release|Any CPU = Release|Any CPU
	EndGlobalSection
	GlobalSection(ProjectConfigurationPlatforms) = postSolution
		{56770827-8125-4233-BBDA-240CE83C278E}.Debug|Any CPU.ActiveCfg = Debug|Any CPU
		{56770827-8125-4233-BBDA-240CE83C278E}.Debug|Any CPU.Build.0 = Debug|Any CPU
		{56770827-8125-4233-BBDA-240CE83C278E}.Release|Any CPU.ActiveCfg = Release|Any CPU
		{56770827-8125-4233-BBDA-240CE83C278E}.Release|Any CPU.Build.0 = Release|Any CPU
	EndGlobalSection
	GlobalSection(SolutionProperties) = preSolution
		HideSolutionNode = FALSE
	EndGlobalSection
	GlobalSection(ExtensibilityGlobals) = postSolution
		SolutionGuid = {D206BB80-6562-4B93-9F18-84B4115E31D9}
	EndGlobalSection
EndGlobal
