
Microsoft Visual Studio Solution File, Format Version 12.00
# Visual Studio Version 17
VisualStudioVersion = 17.7.34031.279
MinimumVisualStudioVersion = 10.0.40219.1
Project("{FAE04EC0-301F-11D3-BF4B-00C04F79EFBC}") = "Delegate 4", "Delegate 4\Delegate 4.csproj", "{7B6B5C7A-F9FC-4B01-B105-B0789BFF9DE8}"
EndProject
Global
	GlobalSection(SolutionConfigurationPlatforms) = preSolution
		Debug|Any CPU = Debug|Any CPU
		Release|Any CPU = Release|Any CPU
	EndGlobalSection
	GlobalSection(ProjectConfigurationPlatforms) = postSolution
		{7B6B5C7A-F9FC-4B01-B105-B0789BFF9DE8}.Debug|Any CPU.ActiveCfg = Debug|Any CPU
		{7B6B5C7A-F9FC-4B01-B105-B0789BFF9DE8}.Debug|Any CPU.Build.0 = Debug|Any CPU
		{7B6B5C7A-F9FC-4B01-B105-B0789BFF9DE8}.Release|Any CPU.ActiveCfg = Release|Any CPU
		{7B6B5C7A-F9FC-4B01-B105-B0789BFF9DE8}.Release|Any CPU.Build.0 = Release|Any CPU
	EndGlobalSection
	GlobalSection(SolutionProperties) = preSolution
		HideSolutionNode = FALSE
	EndGlobalSection
	GlobalSection(ExtensibilityGlobals) = postSolution
		SolutionGuid = {973182FF-549A-4CBA-9258-E2B1BBBB77B4}
	EndGlobalSection
EndGlobal
