
Microsoft Visual Studio Solution File, Format Version 12.00
# Visual Studio Version 17
VisualStudioVersion = 17.8.34525.116
MinimumVisualStudioVersion = 10.0.40219.1
Project("{FAE04EC0-301F-11D3-BF4B-00C04F79EFBC}") = "Toto", "Toto\Toto.csproj", "{758FBAC0-68D3-438E-9E83-5A56C99BB45A}"
EndProject
Global
	GlobalSection(SolutionConfigurationPlatforms) = preSolution
		Debug|Any CPU = Debug|Any CPU
		Release|Any CPU = Release|Any CPU
	EndGlobalSection
	GlobalSection(ProjectConfigurationPlatforms) = postSolution
		{758FBAC0-68D3-438E-9E83-5A56C99BB45A}.Debug|Any CPU.ActiveCfg = Debug|Any CPU
		{758FBAC0-68D3-438E-9E83-5A56C99BB45A}.Debug|Any CPU.Build.0 = Debug|Any CPU
		{758FBAC0-68D3-438E-9E83-5A56C99BB45A}.Release|Any CPU.ActiveCfg = Release|Any CPU
		{758FBAC0-68D3-438E-9E83-5A56C99BB45A}.Release|Any CPU.Build.0 = Release|Any CPU
	EndGlobalSection
	GlobalSection(SolutionProperties) = preSolution
		HideSolutionNode = FALSE
	EndGlobalSection
	GlobalSection(ExtensibilityGlobals) = postSolution
		SolutionGuid = {D465F47C-8DDB-4028-847F-6A04D1765173}
	EndGlobalSection
EndGlobal
