
Microsoft Visual Studio Solution File, Format Version 12.00
# Visual Studio Version 17
VisualStudioVersion = 17.6.33723.286
MinimumVisualStudioVersion = 10.0.40219.1
Project("{FAE04EC0-301F-11D3-BF4B-00C04F79EFBC}") = "nev_visszafele", "nev_visszafele\nev_visszafele.csproj", "{6E2F4D89-8CF7-40A5-85BA-C9FC74B2250C}"
EndProject
Global
	GlobalSection(SolutionConfigurationPlatforms) = preSolution
		Debug|Any CPU = Debug|Any CPU
		Release|Any CPU = Release|Any CPU
	EndGlobalSection
	GlobalSection(ProjectConfigurationPlatforms) = postSolution
		{6E2F4D89-8CF7-40A5-85BA-C9FC74B2250C}.Debug|Any CPU.ActiveCfg = Debug|Any CPU
		{6E2F4D89-8CF7-40A5-85BA-C9FC74B2250C}.Debug|Any CPU.Build.0 = Debug|Any CPU
		{6E2F4D89-8CF7-40A5-85BA-C9FC74B2250C}.Release|Any CPU.ActiveCfg = Release|Any CPU
		{6E2F4D89-8CF7-40A5-85BA-C9FC74B2250C}.Release|Any CPU.Build.0 = Release|Any CPU
	EndGlobalSection
	GlobalSection(SolutionProperties) = preSolution
		HideSolutionNode = FALSE
	EndGlobalSection
	GlobalSection(ExtensibilityGlobals) = postSolution
		SolutionGuid = {E80DCC2E-1582-4D52-BEC2-ACF19AA0B69D}
	EndGlobalSection
EndGlobal
