
Microsoft Visual Studio Solution File, Format Version 12.00
# Visual Studio Version 17
VisualStudioVersion = 17.3.32825.248
MinimumVisualStudioVersion = 10.0.40219.1
Project("{FAE04EC0-301F-11D3-BF4B-00C04F79EFBC}") = "Tömb", "Tömb\Tömb.csproj", "{3CFA68D3-D381-4BEC-801A-8E9D2891F63F}"
EndProject
Global
	GlobalSection(SolutionConfigurationPlatforms) = preSolution
		Debug|Any CPU = Debug|Any CPU
		Release|Any CPU = Release|Any CPU
	EndGlobalSection
	GlobalSection(ProjectConfigurationPlatforms) = postSolution
		{3CFA68D3-D381-4BEC-801A-8E9D2891F63F}.Debug|Any CPU.ActiveCfg = Debug|Any CPU
		{3CFA68D3-D381-4BEC-801A-8E9D2891F63F}.Debug|Any CPU.Build.0 = Debug|Any CPU
		{3CFA68D3-D381-4BEC-801A-8E9D2891F63F}.Release|Any CPU.ActiveCfg = Release|Any CPU
		{3CFA68D3-D381-4BEC-801A-8E9D2891F63F}.Release|Any CPU.Build.0 = Release|Any CPU
	EndGlobalSection
	GlobalSection(SolutionProperties) = preSolution
		HideSolutionNode = FALSE
	EndGlobalSection
	GlobalSection(ExtensibilityGlobals) = postSolution
		SolutionGuid = {2F8C5387-CA72-43B8-BE09-830F62B6B3CC}
	EndGlobalSection
EndGlobal
