
Microsoft Visual Studio Solution File, Format Version 12.00
# Visual Studio Version 17
VisualStudioVersion = 17.6.33723.286
MinimumVisualStudioVersion = 10.0.40219.1
Project("{FAE04EC0-301F-11D3-BF4B-00C04F79EFBC}") = "szorzas_oop", "szorzas_oop\szorzas_oop.csproj", "{E93B5D46-BCDC-40B1-AD53-07A6B6E2A12A}"
EndProject
Global
	GlobalSection(SolutionConfigurationPlatforms) = preSolution
		Debug|Any CPU = Debug|Any CPU
		Release|Any CPU = Release|Any CPU
	EndGlobalSection
	GlobalSection(ProjectConfigurationPlatforms) = postSolution
		{E93B5D46-BCDC-40B1-AD53-07A6B6E2A12A}.Debug|Any CPU.ActiveCfg = Debug|Any CPU
		{E93B5D46-BCDC-40B1-AD53-07A6B6E2A12A}.Debug|Any CPU.Build.0 = Debug|Any CPU
		{E93B5D46-BCDC-40B1-AD53-07A6B6E2A12A}.Release|Any CPU.ActiveCfg = Release|Any CPU
		{E93B5D46-BCDC-40B1-AD53-07A6B6E2A12A}.Release|Any CPU.Build.0 = Release|Any CPU
	EndGlobalSection
	GlobalSection(SolutionProperties) = preSolution
		HideSolutionNode = FALSE
	EndGlobalSection
	GlobalSection(ExtensibilityGlobals) = postSolution
		SolutionGuid = {1F449155-5C9A-42F4-A083-D1D1B37C634F}
	EndGlobalSection
EndGlobal
