
Microsoft Visual Studio Solution File, Format Version 12.00
# Visual Studio Version 17
VisualStudioVersion = 17.7.34031.279
MinimumVisualStudioVersion = 10.0.40219.1
Project("{FAE04EC0-301F-11D3-BF4B-00C04F79EFBC}") = "FUCK", "FUCK\FUCK.csproj", "{702C4788-0D4F-42CE-AF62-B1B191AFCAFE}"
EndProject
Global
	GlobalSection(SolutionConfigurationPlatforms) = preSolution
		Debug|Any CPU = Debug|Any CPU
		Release|Any CPU = Release|Any CPU
	EndGlobalSection
	GlobalSection(ProjectConfigurationPlatforms) = postSolution
		{702C4788-0D4F-42CE-AF62-B1B191AFCAFE}.Debug|Any CPU.ActiveCfg = Debug|Any CPU
		{702C4788-0D4F-42CE-AF62-B1B191AFCAFE}.Debug|Any CPU.Build.0 = Debug|Any CPU
		{702C4788-0D4F-42CE-AF62-B1B191AFCAFE}.Release|Any CPU.ActiveCfg = Release|Any CPU
		{702C4788-0D4F-42CE-AF62-B1B191AFCAFE}.Release|Any CPU.Build.0 = Release|Any CPU
	EndGlobalSection
	GlobalSection(SolutionProperties) = preSolution
		HideSolutionNode = FALSE
	EndGlobalSection
	GlobalSection(ExtensibilityGlobals) = postSolution
		SolutionGuid = {F0229BDB-5496-434A-9E97-8DA2AB43CAFE}
	EndGlobalSection
EndGlobal
