
Microsoft Visual Studio Solution File, Format Version 12.00
# Visual Studio Version 17
VisualStudioVersion = 17.7.34031.279
MinimumVisualStudioVersion = 10.0.40219.1
Project("{FAE04EC0-301F-11D3-BF4B-00C04F79EFBC}") = "Programvalahany", "Programvalahany\Programvalahany.csproj", "{B1C3BD6C-0136-4D21-BCE9-0B2A3A221634}"
EndProject
Global
	GlobalSection(SolutionConfigurationPlatforms) = preSolution
		Debug|Any CPU = Debug|Any CPU
		Release|Any CPU = Release|Any CPU
	EndGlobalSection
	GlobalSection(ProjectConfigurationPlatforms) = postSolution
		{B1C3BD6C-0136-4D21-BCE9-0B2A3A221634}.Debug|Any CPU.ActiveCfg = Debug|Any CPU
		{B1C3BD6C-0136-4D21-BCE9-0B2A3A221634}.Debug|Any CPU.Build.0 = Debug|Any CPU
		{B1C3BD6C-0136-4D21-BCE9-0B2A3A221634}.Release|Any CPU.ActiveCfg = Release|Any CPU
		{B1C3BD6C-0136-4D21-BCE9-0B2A3A221634}.Release|Any CPU.Build.0 = Release|Any CPU
	EndGlobalSection
	GlobalSection(SolutionProperties) = preSolution
		HideSolutionNode = FALSE
	EndGlobalSection
	GlobalSection(ExtensibilityGlobals) = postSolution
		SolutionGuid = {FF097F85-E48C-49CB-A281-FC49E3230032}
	EndGlobalSection
EndGlobal
