
Microsoft Visual Studio Solution File, Format Version 12.00
# Visual Studio Version 16
VisualStudioVersion = 16.0.34031.81
MinimumVisualStudioVersion = 10.0.40219.1
Project("{FAE04EC0-301F-11D3-BF4B-00C04F79EFBC}") = "Január 2024", "Január 2024.csproj", "{93C03D96-6B05-4FBD-A3C5-ACA847169340}"
EndProject
Project("{FAE04EC0-301F-11D3-BF4B-00C04F79EFBC}") = "BükkMaraton2019", "..\BükkMaraton2019\BükkMaraton2019.csproj", "{9E8E20AD-C780-4323-9E79-22C3473F189E}"
EndProject
Project("{9A19103F-16F7-4668-BE54-9A1E7A4F7556}") = "Bükkmaraton2019GUI", "..\Bükkmaraton2019GUI\Bükkmaraton2019GUI.csproj", "{89182546-2CB6-40A1-BE2C-0BBFB085B80A}"
EndProject
Project("{FAE04EC0-301F-11D3-BF4B-00C04F79EFBC}") = "Nobel-Díj", "..\Nobel-Díj\Nobel-Díj.csproj", "{3CC1C387-67C8-45DD-B851-81E3D0995761}"
EndProject
Project("{9A19103F-16F7-4668-BE54-9A1E7A4F7556}") = "Nobel-DíjGUI", "..\Nobel-DíjGUI\Nobel-DíjGUI.csproj", "{8BFD2046-84A7-42CA-B594-50CCD55D34BB}"
EndProject
Project("{FAE04EC0-301F-11D3-BF4B-00C04F79EFBC}") = "KarácsonyCLI", "..\KarácsonyCLI\KarácsonyCLI.csproj", "{90940DCC-77FF-434C-89C0-2328143D880C}"
EndProject
Global
	GlobalSection(SolutionConfigurationPlatforms) = preSolution
		Debug|Any CPU = Debug|Any CPU
		Release|Any CPU = Release|Any CPU
	EndGlobalSection
	GlobalSection(ProjectConfigurationPlatforms) = postSolution
		{93C03D96-6B05-4FBD-A3C5-ACA847169340}.Debug|Any CPU.ActiveCfg = Debug|Any CPU
		{93C03D96-6B05-4FBD-A3C5-ACA847169340}.Debug|Any CPU.Build.0 = Debug|Any CPU
		{93C03D96-6B05-4FBD-A3C5-ACA847169340}.Release|Any CPU.ActiveCfg = Release|Any CPU
		{93C03D96-6B05-4FBD-A3C5-ACA847169340}.Release|Any CPU.Build.0 = Release|Any CPU
		{9E8E20AD-C780-4323-9E79-22C3473F189E}.Debug|Any CPU.ActiveCfg = Debug|Any CPU
		{9E8E20AD-C780-4323-9E79-22C3473F189E}.Debug|Any CPU.Build.0 = Debug|Any CPU
		{9E8E20AD-C780-4323-9E79-22C3473F189E}.Release|Any CPU.ActiveCfg = Release|Any CPU
		{9E8E20AD-C780-4323-9E79-22C3473F189E}.Release|Any CPU.Build.0 = Release|Any CPU
		{89182546-2CB6-40A1-BE2C-0BBFB085B80A}.Debug|Any CPU.ActiveCfg = Debug|Any CPU
		{89182546-2CB6-40A1-BE2C-0BBFB085B80A}.Debug|Any CPU.Build.0 = Debug|Any CPU
		{89182546-2CB6-40A1-BE2C-0BBFB085B80A}.Release|Any CPU.ActiveCfg = Release|Any CPU
		{89182546-2CB6-40A1-BE2C-0BBFB085B80A}.Release|Any CPU.Build.0 = Release|Any CPU
		{3CC1C387-67C8-45DD-B851-81E3D0995761}.Debug|Any CPU.ActiveCfg = Debug|Any CPU
		{3CC1C387-67C8-45DD-B851-81E3D0995761}.Debug|Any CPU.Build.0 = Debug|Any CPU
		{3CC1C387-67C8-45DD-B851-81E3D0995761}.Release|Any CPU.ActiveCfg = Release|Any CPU
		{3CC1C387-67C8-45DD-B851-81E3D0995761}.Release|Any CPU.Build.0 = Release|Any CPU
		{8BFD2046-84A7-42CA-B594-50CCD55D34BB}.Debug|Any CPU.ActiveCfg = Debug|Any CPU
		{8BFD2046-84A7-42CA-B594-50CCD55D34BB}.Debug|Any CPU.Build.0 = Debug|Any CPU
		{8BFD2046-84A7-42CA-B594-50CCD55D34BB}.Release|Any CPU.ActiveCfg = Release|Any CPU
		{8BFD2046-84A7-42CA-B594-50CCD55D34BB}.Release|Any CPU.Build.0 = Release|Any CPU
		{90940DCC-77FF-434C-89C0-2328143D880C}.Debug|Any CPU.ActiveCfg = Debug|Any CPU
		{90940DCC-77FF-434C-89C0-2328143D880C}.Debug|Any CPU.Build.0 = Debug|Any CPU
		{90940DCC-77FF-434C-89C0-2328143D880C}.Release|Any CPU.ActiveCfg = Release|Any CPU
		{90940DCC-77FF-434C-89C0-2328143D880C}.Release|Any CPU.Build.0 = Release|Any CPU
	EndGlobalSection
	GlobalSection(SolutionProperties) = preSolution
		HideSolutionNode = FALSE
	EndGlobalSection
	GlobalSection(ExtensibilityGlobals) = postSolution
		SolutionGuid = {C9433B09-1627-44CB-991C-6AB7D881AD7D}
	EndGlobalSection
EndGlobal
