
Microsoft Visual Studio Solution File, Format Version 12.00
# Visual Studio Version 17
VisualStudioVersion = 17.3.32825.248
MinimumVisualStudioVersion = 10.0.40219.1
Project("{FAE04EC0-301F-11D3-BF4B-00C04F79EFBC}") = "Gyakorlas3", "Gyakorlas3\Gyakorlas3.csproj", "{A7310C09-20A6-4C61-AD36-817C5C5763C5}"
EndProject
Global
	GlobalSection(SolutionConfigurationPlatforms) = preSolution
		Debug|Any CPU = Debug|Any CPU
		Release|Any CPU = Release|Any CPU
	EndGlobalSection
	GlobalSection(ProjectConfigurationPlatforms) = postSolution
		{A7310C09-20A6-4C61-AD36-817C5C5763C5}.Debug|Any CPU.ActiveCfg = Debug|Any CPU
		{A7310C09-20A6-4C61-AD36-817C5C5763C5}.Debug|Any CPU.Build.0 = Debug|Any CPU
		{A7310C09-20A6-4C61-AD36-817C5C5763C5}.Release|Any CPU.ActiveCfg = Release|Any CPU
		{A7310C09-20A6-4C61-AD36-817C5C5763C5}.Release|Any CPU.Build.0 = Release|Any CPU
	EndGlobalSection
	GlobalSection(SolutionProperties) = preSolution
		HideSolutionNode = FALSE
	EndGlobalSection
	GlobalSection(ExtensibilityGlobals) = postSolution
		SolutionGuid = {B4CC6BF9-4149-4BFE-8FE9-30C59A5F8551}
	EndGlobalSection
EndGlobal
