
Microsoft Visual Studio Solution File, Format Version 12.00
# Visual Studio Version 17
VisualStudioVersion = 17.7.34031.279
MinimumVisualStudioVersion = 10.0.40219.1
Project("{FAE04EC0-301F-11D3-BF4B-00C04F79EFBC}") = "mitom én", "mitom én\mitom én.csproj", "{EBB7B7E6-B7F4-41B8-88FD-D5BE5B05E6BD}"
EndProject
Global
	GlobalSection(SolutionConfigurationPlatforms) = preSolution
		Debug|Any CPU = Debug|Any CPU
		Release|Any CPU = Release|Any CPU
	EndGlobalSection
	GlobalSection(ProjectConfigurationPlatforms) = postSolution
		{EBB7B7E6-B7F4-41B8-88FD-D5BE5B05E6BD}.Debug|Any CPU.ActiveCfg = Debug|Any CPU
		{EBB7B7E6-B7F4-41B8-88FD-D5BE5B05E6BD}.Debug|Any CPU.Build.0 = Debug|Any CPU
		{EBB7B7E6-B7F4-41B8-88FD-D5BE5B05E6BD}.Release|Any CPU.ActiveCfg = Release|Any CPU
		{EBB7B7E6-B7F4-41B8-88FD-D5BE5B05E6BD}.Release|Any CPU.Build.0 = Release|Any CPU
	EndGlobalSection
	GlobalSection(SolutionProperties) = preSolution
		HideSolutionNode = FALSE
	EndGlobalSection
	GlobalSection(ExtensibilityGlobals) = postSolution
		SolutionGuid = {4CEAF3C5-995E-4D9D-8309-0B30F9C97FF9}
	EndGlobalSection
EndGlobal
