
Microsoft Visual Studio Solution File, Format Version 12.00
# Visual Studio Version 17
VisualStudioVersion = 17.6.33723.286
MinimumVisualStudioVersion = 10.0.40219.1
Project("{FAE04EC0-301F-11D3-BF4B-00C04F79EFBC}") = "gyak_oop", "gyak_oop\gyak_oop.csproj", "{D951DE39-517A-44A1-91A8-B2B5AEE77965}"
EndProject
Global
	GlobalSection(SolutionConfigurationPlatforms) = preSolution
		Debug|Any CPU = Debug|Any CPU
		Release|Any CPU = Release|Any CPU
	EndGlobalSection
	GlobalSection(ProjectConfigurationPlatforms) = postSolution
		{D951DE39-517A-44A1-91A8-B2B5AEE77965}.Debug|Any CPU.ActiveCfg = Debug|Any CPU
		{D951DE39-517A-44A1-91A8-B2B5AEE77965}.Debug|Any CPU.Build.0 = Debug|Any CPU
		{D951DE39-517A-44A1-91A8-B2B5AEE77965}.Release|Any CPU.ActiveCfg = Release|Any CPU
		{D951DE39-517A-44A1-91A8-B2B5AEE77965}.Release|Any CPU.Build.0 = Release|Any CPU
	EndGlobalSection
	GlobalSection(SolutionProperties) = preSolution
		HideSolutionNode = FALSE
	EndGlobalSection
	GlobalSection(ExtensibilityGlobals) = postSolution
		SolutionGuid = {74C496C6-174B-4D27-9FF8-C75A09C3A4E0}
	EndGlobalSection
EndGlobal
