
Microsoft Visual Studio Solution File, Format Version 12.00
# Visual Studio Version 17
VisualStudioVersion = 17.7.34031.279
MinimumVisualStudioVersion = 10.0.40219.1
Project("{FAE04EC0-301F-11D3-BF4B-00C04F79EFBC}") = "karacsonyCLI", "karacsonyCLI\karacsonyCLI.csproj", "{5AA31BCA-4E8B-4B65-B508-9428F49EB116}"
EndProject
Global
	GlobalSection(SolutionConfigurationPlatforms) = preSolution
		Debug|Any CPU = Debug|Any CPU
		Release|Any CPU = Release|Any CPU
	EndGlobalSection
	GlobalSection(ProjectConfigurationPlatforms) = postSolution
		{5AA31BCA-4E8B-4B65-B508-9428F49EB116}.Debug|Any CPU.ActiveCfg = Debug|Any CPU
		{5AA31BCA-4E8B-4B65-B508-9428F49EB116}.Debug|Any CPU.Build.0 = Debug|Any CPU
		{5AA31BCA-4E8B-4B65-B508-9428F49EB116}.Release|Any CPU.ActiveCfg = Release|Any CPU
		{5AA31BCA-4E8B-4B65-B508-9428F49EB116}.Release|Any CPU.Build.0 = Release|Any CPU
	EndGlobalSection
	GlobalSection(SolutionProperties) = preSolution
		HideSolutionNode = FALSE
	EndGlobalSection
	GlobalSection(ExtensibilityGlobals) = postSolution
		SolutionGuid = {3F6709B1-1DCA-4BAB-8148-B690BB1CA7E8}
	EndGlobalSection
EndGlobal
