
Microsoft Visual Studio Solution File, Format Version 12.00
# Visual Studio Version 17
VisualStudioVersion = 17.7.34031.279
MinimumVisualStudioVersion = 10.0.40219.1
Project("{FAE04EC0-301F-11D3-BF4B-00C04F79EFBC}") = "delegate1", "delegate1\delegate1.csproj", "{AAE53BAB-D986-4F3A-B350-412DBEEC47DC}"
EndProject
Global
	GlobalSection(SolutionConfigurationPlatforms) = preSolution
		Debug|Any CPU = Debug|Any CPU
		Release|Any CPU = Release|Any CPU
	EndGlobalSection
	GlobalSection(ProjectConfigurationPlatforms) = postSolution
		{AAE53BAB-D986-4F3A-B350-412DBEEC47DC}.Debug|Any CPU.ActiveCfg = Debug|Any CPU
		{AAE53BAB-D986-4F3A-B350-412DBEEC47DC}.Debug|Any CPU.Build.0 = Debug|Any CPU
		{AAE53BAB-D986-4F3A-B350-412DBEEC47DC}.Release|Any CPU.ActiveCfg = Release|Any CPU
		{AAE53BAB-D986-4F3A-B350-412DBEEC47DC}.Release|Any CPU.Build.0 = Release|Any CPU
	EndGlobalSection
	GlobalSection(SolutionProperties) = preSolution
		HideSolutionNode = FALSE
	EndGlobalSection
	GlobalSection(ExtensibilityGlobals) = postSolution
		SolutionGuid = {D86CA9F5-550E-4CFC-90EE-74880B23C329}
	EndGlobalSection
EndGlobal
