
Microsoft Visual Studio Solution File, Format Version 12.00
# Visual Studio Version 17
VisualStudioVersion = 17.7.34031.279
MinimumVisualStudioVersion = 10.0.40219.1
Project("{FAE04EC0-301F-11D3-BF4B-00C04F79EFBC}") = "WpfApp1", "WpfApp1\WpfApp1.csproj", "{21CE1C4D-390F-4C67-AE29-86CD69755053}"
EndProject
Global
	GlobalSection(SolutionConfigurationPlatforms) = preSolution
		Debug|Any CPU = Debug|Any CPU
		Release|Any CPU = Release|Any CPU
	EndGlobalSection
	GlobalSection(ProjectConfigurationPlatforms) = postSolution
		{21CE1C4D-390F-4C67-AE29-86CD69755053}.Debug|Any CPU.ActiveCfg = Debug|Any CPU
		{21CE1C4D-390F-4C67-AE29-86CD69755053}.Debug|Any CPU.Build.0 = Debug|Any CPU
		{21CE1C4D-390F-4C67-AE29-86CD69755053}.Release|Any CPU.ActiveCfg = Release|Any CPU
		{21CE1C4D-390F-4C67-AE29-86CD69755053}.Release|Any CPU.Build.0 = Release|Any CPU
	EndGlobalSection
	GlobalSection(SolutionProperties) = preSolution
		HideSolutionNode = FALSE
	EndGlobalSection
	GlobalSection(ExtensibilityGlobals) = postSolution
		SolutionGuid = {5540563E-7725-4D8F-8DF2-E51498F17592}
	EndGlobalSection
EndGlobal
