
Microsoft Visual Studio Solution File, Format Version 12.00
# Visual Studio Version 17
VisualStudioVersion = 17.7.34031.279
MinimumVisualStudioVersion = 10.0.40219.1
Project("{FAE04EC0-301F-11D3-BF4B-00C04F79EFBC}") = "orvosi nobeldijasok", "orvosi nobeldijasok\orvosi nobeldijasok.csproj", "{C6377DE0-8FFB-49BA-89A3-B1DDFD58885C}"
EndProject
Global
	GlobalSection(SolutionConfigurationPlatforms) = preSolution
		Debug|Any CPU = Debug|Any CPU
		Release|Any CPU = Release|Any CPU
	EndGlobalSection
	GlobalSection(ProjectConfigurationPlatforms) = postSolution
		{C6377DE0-8FFB-49BA-89A3-B1DDFD58885C}.Debug|Any CPU.ActiveCfg = Debug|Any CPU
		{C6377DE0-8FFB-49BA-89A3-B1DDFD58885C}.Debug|Any CPU.Build.0 = Debug|Any CPU
		{C6377DE0-8FFB-49BA-89A3-B1DDFD58885C}.Release|Any CPU.ActiveCfg = Release|Any CPU
		{C6377DE0-8FFB-49BA-89A3-B1DDFD58885C}.Release|Any CPU.Build.0 = Release|Any CPU
	EndGlobalSection
	GlobalSection(SolutionProperties) = preSolution
		HideSolutionNode = FALSE
	EndGlobalSection
	GlobalSection(ExtensibilityGlobals) = postSolution
		SolutionGuid = {0D44874D-9E06-43F5-B1E5-F53311E6AF35}
	EndGlobalSection
EndGlobal
