
Microsoft Visual Studio Solution File, Format Version 12.00
# Visual Studio Version 17
VisualStudioVersion = 17.7.34031.279
MinimumVisualStudioVersion = 10.0.40219.1
Project("{FAE04EC0-301F-11D3-BF4B-00C04F79EFBC}") = "nevezetes2", "nevezetes2\nevezetes2.csproj", "{08409E38-394A-4904-B1BF-D890C68FA1F4}"
EndProject
Global
	GlobalSection(SolutionConfigurationPlatforms) = preSolution
		Debug|Any CPU = Debug|Any CPU
		Release|Any CPU = Release|Any CPU
	EndGlobalSection
	GlobalSection(ProjectConfigurationPlatforms) = postSolution
		{08409E38-394A-4904-B1BF-D890C68FA1F4}.Debug|Any CPU.ActiveCfg = Debug|Any CPU
		{08409E38-394A-4904-B1BF-D890C68FA1F4}.Debug|Any CPU.Build.0 = Debug|Any CPU
		{08409E38-394A-4904-B1BF-D890C68FA1F4}.Release|Any CPU.ActiveCfg = Release|Any CPU
		{08409E38-394A-4904-B1BF-D890C68FA1F4}.Release|Any CPU.Build.0 = Release|Any CPU
	EndGlobalSection
	GlobalSection(SolutionProperties) = preSolution
		HideSolutionNode = FALSE
	EndGlobalSection
	GlobalSection(ExtensibilityGlobals) = postSolution
		SolutionGuid = {D7EDC229-5EA5-455B-821A-BC0C2B3FD8B7}
	EndGlobalSection
EndGlobal
