
Microsoft Visual Studio Solution File, Format Version 12.00
# Visual Studio Version 17
VisualStudioVersion = 17.7.34031.279
MinimumVisualStudioVersion = 10.0.40219.1
Project("{FAE04EC0-301F-11D3-BF4B-00C04F79EFBC}") = "Delegate 3", "Delegate 3\Delegate 3.csproj", "{9AE684BB-14C7-4BCE-AAA8-E737A72D030C}"
EndProject
Global
	GlobalSection(SolutionConfigurationPlatforms) = preSolution
		Debug|Any CPU = Debug|Any CPU
		Release|Any CPU = Release|Any CPU
	EndGlobalSection
	GlobalSection(ProjectConfigurationPlatforms) = postSolution
		{9AE684BB-14C7-4BCE-AAA8-E737A72D030C}.Debug|Any CPU.ActiveCfg = Debug|Any CPU
		{9AE684BB-14C7-4BCE-AAA8-E737A72D030C}.Debug|Any CPU.Build.0 = Debug|Any CPU
		{9AE684BB-14C7-4BCE-AAA8-E737A72D030C}.Release|Any CPU.ActiveCfg = Release|Any CPU
		{9AE684BB-14C7-4BCE-AAA8-E737A72D030C}.Release|Any CPU.Build.0 = Release|Any CPU
	EndGlobalSection
	GlobalSection(SolutionProperties) = preSolution
		HideSolutionNode = FALSE
	EndGlobalSection
	GlobalSection(ExtensibilityGlobals) = postSolution
		SolutionGuid = {40BF9DA2-0EF4-44EC-AA66-C0F5B4AABE81}
	EndGlobalSection
EndGlobal
