
Microsoft Visual Studio Solution File, Format Version 12.00
# Visual Studio Version 17
VisualStudioVersion = 17.6.33723.286
MinimumVisualStudioVersion = 10.0.40219.1
Project("{FAE04EC0-301F-11D3-BF4B-00C04F79EFBC}") = "lottozo_program", "lottozo_program\lottozo_program.csproj", "{CA815925-CF95-4AC7-834B-F5A6C99F292A}"
EndProject
Global
	GlobalSection(SolutionConfigurationPlatforms) = preSolution
		Debug|Any CPU = Debug|Any CPU
		Release|Any CPU = Release|Any CPU
	EndGlobalSection
	GlobalSection(ProjectConfigurationPlatforms) = postSolution
		{CA815925-CF95-4AC7-834B-F5A6C99F292A}.Debug|Any CPU.ActiveCfg = Debug|Any CPU
		{CA815925-CF95-4AC7-834B-F5A6C99F292A}.Debug|Any CPU.Build.0 = Debug|Any CPU
		{CA815925-CF95-4AC7-834B-F5A6C99F292A}.Release|Any CPU.ActiveCfg = Release|Any CPU
		{CA815925-CF95-4AC7-834B-F5A6C99F292A}.Release|Any CPU.Build.0 = Release|Any CPU
	EndGlobalSection
	GlobalSection(SolutionProperties) = preSolution
		HideSolutionNode = FALSE
	EndGlobalSection
	GlobalSection(ExtensibilityGlobals) = postSolution
		SolutionGuid = {722AD6F3-E855-423E-964F-9D5DCB1149B0}
	EndGlobalSection
EndGlobal
