
Microsoft Visual Studio Solution File, Format Version 12.00
# Visual Studio Version 16
VisualStudioVersion = 16.0.34031.81
MinimumVisualStudioVersion = 10.0.40219.1
Project("{FAE04EC0-301F-11D3-BF4B-00C04F79EFBC}") = "OOP", "OOP\OOP.csproj", "{422668C8-705B-4A12-ACBC-40A3AC61D3A2}"
EndProject
Global
	GlobalSection(SolutionConfigurationPlatforms) = preSolution
		Debug|Any CPU = Debug|Any CPU
		Release|Any CPU = Release|Any CPU
	EndGlobalSection
	GlobalSection(ProjectConfigurationPlatforms) = postSolution
		{422668C8-705B-4A12-ACBC-40A3AC61D3A2}.Debug|Any CPU.ActiveCfg = Debug|Any CPU
		{422668C8-705B-4A12-ACBC-40A3AC61D3A2}.Debug|Any CPU.Build.0 = Debug|Any CPU
		{422668C8-705B-4A12-ACBC-40A3AC61D3A2}.Release|Any CPU.ActiveCfg = Release|Any CPU
		{422668C8-705B-4A12-ACBC-40A3AC61D3A2}.Release|Any CPU.Build.0 = Release|Any CPU
	EndGlobalSection
	GlobalSection(SolutionProperties) = preSolution
		HideSolutionNode = FALSE
	EndGlobalSection
	GlobalSection(ExtensibilityGlobals) = postSolution
		SolutionGuid = {0D1FA5E5-3C2A-4B16-B0D6-1B9794B2BDFF}
	EndGlobalSection
EndGlobal
