
Microsoft Visual Studio Solution File, Format Version 12.00
# Visual Studio Version 16
VisualStudioVersion = 25.0.1706.7
MinimumVisualStudioVersion = 10.0.40219.1
Project("{FAE04EC0-301F-11D3-BF4B-00C04F79EFBC}") = "Toto", "Toto\Toto.csproj", "{C5195F89-327A-4639-9527-6E8880604C1B}"
EndProject
Global
	GlobalSection(SolutionConfigurationPlatforms) = preSolution
		Debug|Any CPU = Debug|Any CPU
		Release|Any CPU = Release|Any CPU
	EndGlobalSection
	GlobalSection(ProjectConfigurationPlatforms) = postSolution
		{C5195F89-327A-4639-9527-6E8880604C1B}.Debug|Any CPU.ActiveCfg = Debug|Any CPU
		{C5195F89-327A-4639-9527-6E8880604C1B}.Debug|Any CPU.Build.0 = Debug|Any CPU
		{C5195F89-327A-4639-9527-6E8880604C1B}.Release|Any CPU.ActiveCfg = Release|Any CPU
		{C5195F89-327A-4639-9527-6E8880604C1B}.Release|Any CPU.Build.0 = Release|Any CPU
	EndGlobalSection
	GlobalSection(SolutionProperties) = preSolution
		HideSolutionNode = FALSE
	EndGlobalSection
	GlobalSection(ExtensibilityGlobals) = postSolution
		SolutionGuid = {1BEEBEDF-5E6E-492C-839A-9956FE9A29D3}
	EndGlobalSection
EndGlobal
