
Microsoft Visual Studio Solution File, Format Version 12.00
# Visual Studio Version 17
VisualStudioVersion = 17.6.33723.286
MinimumVisualStudioVersion = 10.0.40219.1
Project("{FAE04EC0-301F-11D3-BF4B-00C04F79EFBC}") = "lista_oop", "lista_oop\lista_oop.csproj", "{9644A6E7-95B5-4C4C-9F37-76BFED123B96}"
EndProject
Global
	GlobalSection(SolutionConfigurationPlatforms) = preSolution
		Debug|Any CPU = Debug|Any CPU
		Release|Any CPU = Release|Any CPU
	EndGlobalSection
	GlobalSection(ProjectConfigurationPlatforms) = postSolution
		{9644A6E7-95B5-4C4C-9F37-76BFED123B96}.Debug|Any CPU.ActiveCfg = Debug|Any CPU
		{9644A6E7-95B5-4C4C-9F37-76BFED123B96}.Debug|Any CPU.Build.0 = Debug|Any CPU
		{9644A6E7-95B5-4C4C-9F37-76BFED123B96}.Release|Any CPU.ActiveCfg = Release|Any CPU
		{9644A6E7-95B5-4C4C-9F37-76BFED123B96}.Release|Any CPU.Build.0 = Release|Any CPU
	EndGlobalSection
	GlobalSection(SolutionProperties) = preSolution
		HideSolutionNode = FALSE
	EndGlobalSection
	GlobalSection(ExtensibilityGlobals) = postSolution
		SolutionGuid = {4E5105A0-600B-44E9-844A-0A68EE08B595}
	EndGlobalSection
EndGlobal
