
Microsoft Visual Studio Solution File, Format Version 12.00
# Visual Studio Version 17
VisualStudioVersion = 17.6.33723.286
MinimumVisualStudioVersion = 10.0.40219.1
Project("{FAE04EC0-301F-11D3-BF4B-00C04F79EFBC}") = "sajat_fuggveny_iras", "sajat_fuggveny_iras\sajat_fuggveny_iras.csproj", "{C654AF47-A106-41AD-A894-2DEC63516B10}"
EndProject
Global
	GlobalSection(SolutionConfigurationPlatforms) = preSolution
		Debug|Any CPU = Debug|Any CPU
		Release|Any CPU = Release|Any CPU
	EndGlobalSection
	GlobalSection(ProjectConfigurationPlatforms) = postSolution
		{C654AF47-A106-41AD-A894-2DEC63516B10}.Debug|Any CPU.ActiveCfg = Debug|Any CPU
		{C654AF47-A106-41AD-A894-2DEC63516B10}.Debug|Any CPU.Build.0 = Debug|Any CPU
		{C654AF47-A106-41AD-A894-2DEC63516B10}.Release|Any CPU.ActiveCfg = Release|Any CPU
		{C654AF47-A106-41AD-A894-2DEC63516B10}.Release|Any CPU.Build.0 = Release|Any CPU
	EndGlobalSection
	GlobalSection(SolutionProperties) = preSolution
		HideSolutionNode = FALSE
	EndGlobalSection
	GlobalSection(ExtensibilityGlobals) = postSolution
		SolutionGuid = {90846A6F-9075-44C9-9A19-AEB94A6089DC}
	EndGlobalSection
EndGlobal
