
Microsoft Visual Studio Solution File, Format Version 12.00
# Visual Studio Version 17
VisualStudioVersion = 17.7.34031.279
MinimumVisualStudioVersion = 10.0.40219.1
Project("{FAE04EC0-301F-11D3-BF4B-00C04F79EFBC}") = "allatkert", "allatkert\allatkert.csproj", "{C7ED3425-D55B-4D6E-A656-4ADBF0C17C58}"
EndProject
Global
	GlobalSection(SolutionConfigurationPlatforms) = preSolution
		Debug|Any CPU = Debug|Any CPU
		Release|Any CPU = Release|Any CPU
	EndGlobalSection
	GlobalSection(ProjectConfigurationPlatforms) = postSolution
		{C7ED3425-D55B-4D6E-A656-4ADBF0C17C58}.Debug|Any CPU.ActiveCfg = Debug|Any CPU
		{C7ED3425-D55B-4D6E-A656-4ADBF0C17C58}.Debug|Any CPU.Build.0 = Debug|Any CPU
		{C7ED3425-D55B-4D6E-A656-4ADBF0C17C58}.Release|Any CPU.ActiveCfg = Release|Any CPU
		{C7ED3425-D55B-4D6E-A656-4ADBF0C17C58}.Release|Any CPU.Build.0 = Release|Any CPU
	EndGlobalSection
	GlobalSection(SolutionProperties) = preSolution
		HideSolutionNode = FALSE
	EndGlobalSection
	GlobalSection(ExtensibilityGlobals) = postSolution
		SolutionGuid = {A39A817A-52D1-41FF-89B7-832970EE6A15}
	EndGlobalSection
EndGlobal
