
Microsoft Visual Studio Solution File, Format Version 12.00
# Visual Studio Version 17
VisualStudioVersion = 17.3.32825.248
MinimumVisualStudioVersion = 10.0.40219.1
Project("{FAE04EC0-301F-11D3-BF4B-00C04F79EFBC}") = "Gyakorlas2", "Gyakorlas2\Gyakorlas2.csproj", "{381DEDB1-19BE-4F0A-8DED-F21EC76D22E3}"
EndProject
Global
	GlobalSection(SolutionConfigurationPlatforms) = preSolution
		Debug|Any CPU = Debug|Any CPU
		Release|Any CPU = Release|Any CPU
	EndGlobalSection
	GlobalSection(ProjectConfigurationPlatforms) = postSolution
		{381DEDB1-19BE-4F0A-8DED-F21EC76D22E3}.Debug|Any CPU.ActiveCfg = Debug|Any CPU
		{381DEDB1-19BE-4F0A-8DED-F21EC76D22E3}.Debug|Any CPU.Build.0 = Debug|Any CPU
		{381DEDB1-19BE-4F0A-8DED-F21EC76D22E3}.Release|Any CPU.ActiveCfg = Release|Any CPU
		{381DEDB1-19BE-4F0A-8DED-F21EC76D22E3}.Release|Any CPU.Build.0 = Release|Any CPU
	EndGlobalSection
	GlobalSection(SolutionProperties) = preSolution
		HideSolutionNode = FALSE
	EndGlobalSection
	GlobalSection(ExtensibilityGlobals) = postSolution
		SolutionGuid = {1FB50C07-3EF3-4B52-944C-A488A4385095}
	EndGlobalSection
EndGlobal
