
Microsoft Visual Studio Solution File, Format Version 12.00
# Visual Studio Version 17
VisualStudioVersion = 17.6.33723.286
MinimumVisualStudioVersion = 10.0.40219.1
Project("{FAE04EC0-301F-11D3-BF4B-00C04F79EFBC}") = "csak", "csak\csak.csproj", "{F2310CDC-1645-417B-A579-1EA79A6E5A50}"
EndProject
Global
	GlobalSection(SolutionConfigurationPlatforms) = preSolution
		Debug|Any CPU = Debug|Any CPU
		Release|Any CPU = Release|Any CPU
	EndGlobalSection
	GlobalSection(ProjectConfigurationPlatforms) = postSolution
		{F2310CDC-1645-417B-A579-1EA79A6E5A50}.Debug|Any CPU.ActiveCfg = Debug|Any CPU
		{F2310CDC-1645-417B-A579-1EA79A6E5A50}.Debug|Any CPU.Build.0 = Debug|Any CPU
		{F2310CDC-1645-417B-A579-1EA79A6E5A50}.Release|Any CPU.ActiveCfg = Release|Any CPU
		{F2310CDC-1645-417B-A579-1EA79A6E5A50}.Release|Any CPU.Build.0 = Release|Any CPU
	EndGlobalSection
	GlobalSection(SolutionProperties) = preSolution
		HideSolutionNode = FALSE
	EndGlobalSection
	GlobalSection(ExtensibilityGlobals) = postSolution
		SolutionGuid = {F6BA5127-6FF8-4995-93DE-C87632C0B116}
	EndGlobalSection
EndGlobal
