
Microsoft Visual Studio Solution File, Format Version 12.00
# Visual Studio Version 17
VisualStudioVersion = 17.6.33723.286
MinimumVisualStudioVersion = 10.0.40219.1
Project("{FAE04EC0-301F-11D3-BF4B-00C04F79EFBC}") = "heritance", "heritance\heritance.csproj", "{65B0D1F6-F84F-4013-8797-4B431B337823}"
EndProject
Global
	GlobalSection(SolutionConfigurationPlatforms) = preSolution
		Debug|Any CPU = Debug|Any CPU
		Release|Any CPU = Release|Any CPU
	EndGlobalSection
	GlobalSection(ProjectConfigurationPlatforms) = postSolution
		{65B0D1F6-F84F-4013-8797-4B431B337823}.Debug|Any CPU.ActiveCfg = Debug|Any CPU
		{65B0D1F6-F84F-4013-8797-4B431B337823}.Debug|Any CPU.Build.0 = Debug|Any CPU
		{65B0D1F6-F84F-4013-8797-4B431B337823}.Release|Any CPU.ActiveCfg = Release|Any CPU
		{65B0D1F6-F84F-4013-8797-4B431B337823}.Release|Any CPU.Build.0 = Release|Any CPU
	EndGlobalSection
	GlobalSection(SolutionProperties) = preSolution
		HideSolutionNode = FALSE
	EndGlobalSection
	GlobalSection(ExtensibilityGlobals) = postSolution
		SolutionGuid = {BDCD5723-0195-46C8-AFB8-C8E8B6509593}
	EndGlobalSection
EndGlobal
