
Microsoft Visual Studio Solution File, Format Version 12.00
# Visual Studio Version 17
VisualStudioVersion = 17.7.34031.279
MinimumVisualStudioVersion = 10.0.40219.1
Project("{FAE04EC0-301F-11D3-BF4B-00C04F79EFBC}") = "gyakorlas6", "gyakorlas6\gyakorlas6.csproj", "{45BDF721-5523-48BA-B257-C04DCDE21F01}"
EndProject
Global
	GlobalSection(SolutionConfigurationPlatforms) = preSolution
		Debug|Any CPU = Debug|Any CPU
		Release|Any CPU = Release|Any CPU
	EndGlobalSection
	GlobalSection(ProjectConfigurationPlatforms) = postSolution
		{45BDF721-5523-48BA-B257-C04DCDE21F01}.Debug|Any CPU.ActiveCfg = Debug|Any CPU
		{45BDF721-5523-48BA-B257-C04DCDE21F01}.Debug|Any CPU.Build.0 = Debug|Any CPU
		{45BDF721-5523-48BA-B257-C04DCDE21F01}.Release|Any CPU.ActiveCfg = Release|Any CPU
		{45BDF721-5523-48BA-B257-C04DCDE21F01}.Release|Any CPU.Build.0 = Release|Any CPU
	EndGlobalSection
	GlobalSection(SolutionProperties) = preSolution
		HideSolutionNode = FALSE
	EndGlobalSection
	GlobalSection(ExtensibilityGlobals) = postSolution
		SolutionGuid = {BB75E597-82EA-46F1-993A-CD6296CA5C38}
	EndGlobalSection
EndGlobal
