
Microsoft Visual Studio Solution File, Format Version 12.00
# Visual Studio Version 17
VisualStudioVersion = 17.6.33723.286
MinimumVisualStudioVersion = 10.0.40219.1
Project("{FAE04EC0-301F-11D3-BF4B-00C04F79EFBC}") = "prezentáció_minta", "prezentáció_minta\prezentáció_minta.csproj", "{287C4FFA-DBE4-4031-B23A-B2313919265B}"
EndProject
Global
	GlobalSection(SolutionConfigurationPlatforms) = preSolution
		Debug|Any CPU = Debug|Any CPU
		Release|Any CPU = Release|Any CPU
	EndGlobalSection
	GlobalSection(ProjectConfigurationPlatforms) = postSolution
		{287C4FFA-DBE4-4031-B23A-B2313919265B}.Debug|Any CPU.ActiveCfg = Debug|Any CPU
		{287C4FFA-DBE4-4031-B23A-B2313919265B}.Debug|Any CPU.Build.0 = Debug|Any CPU
		{287C4FFA-DBE4-4031-B23A-B2313919265B}.Release|Any CPU.ActiveCfg = Release|Any CPU
		{287C4FFA-DBE4-4031-B23A-B2313919265B}.Release|Any CPU.Build.0 = Release|Any CPU
	EndGlobalSection
	GlobalSection(SolutionProperties) = preSolution
		HideSolutionNode = FALSE
	EndGlobalSection
	GlobalSection(ExtensibilityGlobals) = postSolution
		SolutionGuid = {6A7CC9D8-B9D4-4E93-8D2F-FB1A6FD8C958}
	EndGlobalSection
EndGlobal
