
Microsoft Visual Studio Solution File, Format Version 12.00
# Visual Studio Version 17
VisualStudioVersion = 17.7.34031.279
MinimumVisualStudioVersion = 10.0.40219.1
Project("{FAE04EC0-301F-11D3-BF4B-00C04F79EFBC}") = "CRUD", "CRUD\CRUD.csproj", "{4A394FE4-7C29-449B-AEF0-9AFEAD948268}"
EndProject
Global
	GlobalSection(SolutionConfigurationPlatforms) = preSolution
		Debug|Any CPU = Debug|Any CPU
		Release|Any CPU = Release|Any CPU
	EndGlobalSection
	GlobalSection(ProjectConfigurationPlatforms) = postSolution
		{4A394FE4-7C29-449B-AEF0-9AFEAD948268}.Debug|Any CPU.ActiveCfg = Debug|Any CPU
		{4A394FE4-7C29-449B-AEF0-9AFEAD948268}.Debug|Any CPU.Build.0 = Debug|Any CPU
		{4A394FE4-7C29-449B-AEF0-9AFEAD948268}.Release|Any CPU.ActiveCfg = Release|Any CPU
		{4A394FE4-7C29-449B-AEF0-9AFEAD948268}.Release|Any CPU.Build.0 = Release|Any CPU
	EndGlobalSection
	GlobalSection(SolutionProperties) = preSolution
		HideSolutionNode = FALSE
	EndGlobalSection
	GlobalSection(ExtensibilityGlobals) = postSolution
		SolutionGuid = {8EAC90AB-7F1D-4BA3-A10F-035ED6C1059F}
	EndGlobalSection
EndGlobal
