<<<<<<< HEAD
﻿
Microsoft Visual Studio Solution File, Format Version 12.00
# Visual Studio Version 17
VisualStudioVersion = 17.7.34031.279
MinimumVisualStudioVersion = 10.0.40219.1
Project("{FAE04EC0-301F-11D3-BF4B-00C04F79EFBC}") = "BukkMaraton2019", "BukkMaraton2019\BukkMaraton2019.csproj", "{DA67791B-6DC7-4837-A5E5-0ADA4047A228}"
EndProject
Global
	GlobalSection(SolutionConfigurationPlatforms) = preSolution
		Debug|Any CPU = Debug|Any CPU
		Release|Any CPU = Release|Any CPU
	EndGlobalSection
	GlobalSection(ProjectConfigurationPlatforms) = postSolution
		{DA67791B-6DC7-4837-A5E5-0ADA4047A228}.Debug|Any CPU.ActiveCfg = Debug|Any CPU
		{DA67791B-6DC7-4837-A5E5-0ADA4047A228}.Debug|Any CPU.Build.0 = Debug|Any CPU
		{DA67791B-6DC7-4837-A5E5-0ADA4047A228}.Release|Any CPU.ActiveCfg = Release|Any CPU
		{DA67791B-6DC7-4837-A5E5-0ADA4047A228}.Release|Any CPU.Build.0 = Release|Any CPU
	EndGlobalSection
	GlobalSection(SolutionProperties) = preSolution
		HideSolutionNode = FALSE
	EndGlobalSection
	GlobalSection(ExtensibilityGlobals) = postSolution
		SolutionGuid = {F8CE3397-3254-4B7C-BDFF-88D620DE1F08}
	EndGlobalSection
EndGlobal
=======
﻿
Microsoft Visual Studio Solution File, Format Version 12.00
# Visual Studio Version 17
VisualStudioVersion = 17.7.34031.279
MinimumVisualStudioVersion = 10.0.40219.1
Project("{FAE04EC0-301F-11D3-BF4B-00C04F79EFBC}") = "BukkMaraton2019", "BukkMaraton2019\BukkMaraton2019.csproj", "{DA67791B-6DC7-4837-A5E5-0ADA4047A228}"
EndProject
Global
	GlobalSection(SolutionConfigurationPlatforms) = preSolution
		Debug|Any CPU = Debug|Any CPU
		Release|Any CPU = Release|Any CPU
	EndGlobalSection
	GlobalSection(ProjectConfigurationPlatforms) = postSolution
		{DA67791B-6DC7-4837-A5E5-0ADA4047A228}.Debug|Any CPU.ActiveCfg = Debug|Any CPU
		{DA67791B-6DC7-4837-A5E5-0ADA4047A228}.Debug|Any CPU.Build.0 = Debug|Any CPU
		{DA67791B-6DC7-4837-A5E5-0ADA4047A228}.Release|Any CPU.ActiveCfg = Release|Any CPU
		{DA67791B-6DC7-4837-A5E5-0ADA4047A228}.Release|Any CPU.Build.0 = Release|Any CPU
	EndGlobalSection
	GlobalSection(SolutionProperties) = preSolution
		HideSolutionNode = FALSE
	EndGlobalSection
	GlobalSection(ExtensibilityGlobals) = postSolution
		SolutionGuid = {F8CE3397-3254-4B7C-BDFF-88D620DE1F08}
	EndGlobalSection
EndGlobal
>>>>>>> 0758e27e55a72f5ac8be1e4e1e816bf86f6b12b5
