
Microsoft Visual Studio Solution File, Format Version 12.00
# Visual Studio Version 17
VisualStudioVersion = 17.7.34031.279
MinimumVisualStudioVersion = 10.0.40219.1
Project("{FAE04EC0-301F-11D3-BF4B-00C04F79EFBC}") = "Delegate3", "Delegate3\Delegate3.csproj", "{E191EE0B-045D-4E4F-B313-83CE7903EAC5}"
EndProject
Global
	GlobalSection(SolutionConfigurationPlatforms) = preSolution
		Debug|Any CPU = Debug|Any CPU
		Release|Any CPU = Release|Any CPU
	EndGlobalSection
	GlobalSection(ProjectConfigurationPlatforms) = postSolution
		{E191EE0B-045D-4E4F-B313-83CE7903EAC5}.Debug|Any CPU.ActiveCfg = Debug|Any CPU
		{E191EE0B-045D-4E4F-B313-83CE7903EAC5}.Debug|Any CPU.Build.0 = Debug|Any CPU
		{E191EE0B-045D-4E4F-B313-83CE7903EAC5}.Release|Any CPU.ActiveCfg = Release|Any CPU
		{E191EE0B-045D-4E4F-B313-83CE7903EAC5}.Release|Any CPU.Build.0 = Release|Any CPU
	EndGlobalSection
	GlobalSection(SolutionProperties) = preSolution
		HideSolutionNode = FALSE
	EndGlobalSection
	GlobalSection(ExtensibilityGlobals) = postSolution
		SolutionGuid = {875F53F9-2A86-4DB7-BB0D-D374EE6D8416}
	EndGlobalSection
EndGlobal
