
Microsoft Visual Studio Solution File, Format Version 12.00
# Visual Studio Version 17
VisualStudioVersion = 17.7.34031.279
MinimumVisualStudioVersion = 10.0.40219.1
Project("{FAE04EC0-301F-11D3-BF4B-00C04F79EFBC}") = "dolgozat", "dolgozat\dolgozat.csproj", "{8038E092-4E63-4113-85ED-ED2E5A1DC984}"
EndProject
Global
	GlobalSection(SolutionConfigurationPlatforms) = preSolution
		Debug|Any CPU = Debug|Any CPU
		Release|Any CPU = Release|Any CPU
	EndGlobalSection
	GlobalSection(ProjectConfigurationPlatforms) = postSolution
		{8038E092-4E63-4113-85ED-ED2E5A1DC984}.Debug|Any CPU.ActiveCfg = Debug|Any CPU
		{8038E092-4E63-4113-85ED-ED2E5A1DC984}.Debug|Any CPU.Build.0 = Debug|Any CPU
		{8038E092-4E63-4113-85ED-ED2E5A1DC984}.Release|Any CPU.ActiveCfg = Release|Any CPU
		{8038E092-4E63-4113-85ED-ED2E5A1DC984}.Release|Any CPU.Build.0 = Release|Any CPU
	EndGlobalSection
	GlobalSection(SolutionProperties) = preSolution
		HideSolutionNode = FALSE
	EndGlobalSection
	GlobalSection(ExtensibilityGlobals) = postSolution
		SolutionGuid = {D98D23FA-AD6E-497A-9385-BE8BBB43E0BB}
	EndGlobalSection
EndGlobal
