
Microsoft Visual Studio Solution File, Format Version 12.00
# Visual Studio Version 17
VisualStudioVersion = 17.6.33723.286
MinimumVisualStudioVersion = 10.0.40219.1
Project("{FAE04EC0-301F-11D3-BF4B-00C04F79EFBC}") = "lista_gyak", "lista_gyak\lista_gyak.csproj", "{87422E5B-0C5C-4D7E-9F42-CF05DDD21FA1}"
EndProject
Global
	GlobalSection(SolutionConfigurationPlatforms) = preSolution
		Debug|Any CPU = Debug|Any CPU
		Release|Any CPU = Release|Any CPU
	EndGlobalSection
	GlobalSection(ProjectConfigurationPlatforms) = postSolution
		{87422E5B-0C5C-4D7E-9F42-CF05DDD21FA1}.Debug|Any CPU.ActiveCfg = Debug|Any CPU
		{87422E5B-0C5C-4D7E-9F42-CF05DDD21FA1}.Debug|Any CPU.Build.0 = Debug|Any CPU
		{87422E5B-0C5C-4D7E-9F42-CF05DDD21FA1}.Release|Any CPU.ActiveCfg = Release|Any CPU
		{87422E5B-0C5C-4D7E-9F42-CF05DDD21FA1}.Release|Any CPU.Build.0 = Release|Any CPU
	EndGlobalSection
	GlobalSection(SolutionProperties) = preSolution
		HideSolutionNode = FALSE
	EndGlobalSection
	GlobalSection(ExtensibilityGlobals) = postSolution
		SolutionGuid = {0C7D389E-AF3A-452A-99CA-4FD8D89824BA}
	EndGlobalSection
EndGlobal
