
Microsoft Visual Studio Solution File, Format Version 12.00
# Visual Studio Version 17
VisualStudioVersion = 17.7.34031.279
MinimumVisualStudioVersion = 10.0.40219.1
Project("{FAE04EC0-301F-11D3-BF4B-00C04F79EFBC}") = "Értelmetlen dolgozat", "Értelmetlen dolgozat\Értelmetlen dolgozat.csproj", "{B76519FB-BF5D-45FE-9D4B-5967D060E033}"
EndProject
Global
	GlobalSection(SolutionConfigurationPlatforms) = preSolution
		Debug|Any CPU = Debug|Any CPU
		Release|Any CPU = Release|Any CPU
	EndGlobalSection
	GlobalSection(ProjectConfigurationPlatforms) = postSolution
		{B76519FB-BF5D-45FE-9D4B-5967D060E033}.Debug|Any CPU.ActiveCfg = Debug|Any CPU
		{B76519FB-BF5D-45FE-9D4B-5967D060E033}.Debug|Any CPU.Build.0 = Debug|Any CPU
		{B76519FB-BF5D-45FE-9D4B-5967D060E033}.Release|Any CPU.ActiveCfg = Release|Any CPU
		{B76519FB-BF5D-45FE-9D4B-5967D060E033}.Release|Any CPU.Build.0 = Release|Any CPU
	EndGlobalSection
	GlobalSection(SolutionProperties) = preSolution
		HideSolutionNode = FALSE
	EndGlobalSection
	GlobalSection(ExtensibilityGlobals) = postSolution
		SolutionGuid = {2954B9DC-25EA-47FD-81CA-1C564B55DA60}
	EndGlobalSection
EndGlobal
