
Microsoft Visual Studio Solution File, Format Version 12.00
# Visual Studio Version 17
VisualStudioVersion = 17.3.32825.248
MinimumVisualStudioVersion = 10.0.40219.1
Project("{FAE04EC0-301F-11D3-BF4B-00C04F79EFBC}") = "bored", "bored\bored.csproj", "{6CC85D0C-425B-408B-B2A5-76E88AFFFEEC}"
EndProject
Global
	GlobalSection(SolutionConfigurationPlatforms) = preSolution
		Debug|Any CPU = Debug|Any CPU
		Release|Any CPU = Release|Any CPU
	EndGlobalSection
	GlobalSection(ProjectConfigurationPlatforms) = postSolution
		{6CC85D0C-425B-408B-B2A5-76E88AFFFEEC}.Debug|Any CPU.ActiveCfg = Debug|Any CPU
		{6CC85D0C-425B-408B-B2A5-76E88AFFFEEC}.Debug|Any CPU.Build.0 = Debug|Any CPU
		{6CC85D0C-425B-408B-B2A5-76E88AFFFEEC}.Release|Any CPU.ActiveCfg = Release|Any CPU
		{6CC85D0C-425B-408B-B2A5-76E88AFFFEEC}.Release|Any CPU.Build.0 = Release|Any CPU
	EndGlobalSection
	GlobalSection(SolutionProperties) = preSolution
		HideSolutionNode = FALSE
	EndGlobalSection
	GlobalSection(ExtensibilityGlobals) = postSolution
		SolutionGuid = {339C7B92-8264-4499-A910-0EA12B39EA71}
	EndGlobalSection
EndGlobal
