
Microsoft Visual Studio Solution File, Format Version 12.00
# Visual Studio Version 17
VisualStudioVersion = 17.3.32825.248
MinimumVisualStudioVersion = 10.0.40219.1
Project("{FAE04EC0-301F-11D3-BF4B-00C04F79EFBC}") = "valami", "valami\valami.csproj", "{21D1CF84-8933-4A77-96FB-61064732EEF1}"
EndProject
Global
	GlobalSection(SolutionConfigurationPlatforms) = preSolution
		Debug|Any CPU = Debug|Any CPU
		Release|Any CPU = Release|Any CPU
	EndGlobalSection
	GlobalSection(ProjectConfigurationPlatforms) = postSolution
		{21D1CF84-8933-4A77-96FB-61064732EEF1}.Debug|Any CPU.ActiveCfg = Debug|Any CPU
		{21D1CF84-8933-4A77-96FB-61064732EEF1}.Debug|Any CPU.Build.0 = Debug|Any CPU
		{21D1CF84-8933-4A77-96FB-61064732EEF1}.Release|Any CPU.ActiveCfg = Release|Any CPU
		{21D1CF84-8933-4A77-96FB-61064732EEF1}.Release|Any CPU.Build.0 = Release|Any CPU
	EndGlobalSection
	GlobalSection(SolutionProperties) = preSolution
		HideSolutionNode = FALSE
	EndGlobalSection
	GlobalSection(ExtensibilityGlobals) = postSolution
		SolutionGuid = {20C70426-ADF6-4222-B6C7-0296A9119FF3}
	EndGlobalSection
EndGlobal
