
Microsoft Visual Studio Solution File, Format Version 12.00
# Visual Studio Version 16
VisualStudioVersion = 25.0.1706.7
MinimumVisualStudioVersion = 10.0.40219.1
Project("{FAE04EC0-301F-11D3-BF4B-00C04F79EFBC}") = "BukkMaraton2019", "BukkMaraton2019\BukkMaraton2019.csproj", "{5D4FFD53-9E0A-4EC5-80B2-2CF07F1FFEA2}"
EndProject
Global
	GlobalSection(SolutionConfigurationPlatforms) = preSolution
		Debug|Any CPU = Debug|Any CPU
		Release|Any CPU = Release|Any CPU
	EndGlobalSection
	GlobalSection(ProjectConfigurationPlatforms) = postSolution
		{5D4FFD53-9E0A-4EC5-80B2-2CF07F1FFEA2}.Debug|Any CPU.ActiveCfg = Debug|Any CPU
		{5D4FFD53-9E0A-4EC5-80B2-2CF07F1FFEA2}.Debug|Any CPU.Build.0 = Debug|Any CPU
		{5D4FFD53-9E0A-4EC5-80B2-2CF07F1FFEA2}.Release|Any CPU.ActiveCfg = Release|Any CPU
		{5D4FFD53-9E0A-4EC5-80B2-2CF07F1FFEA2}.Release|Any CPU.Build.0 = Release|Any CPU
	EndGlobalSection
	GlobalSection(SolutionProperties) = preSolution
		HideSolutionNode = FALSE
	EndGlobalSection
	GlobalSection(ExtensibilityGlobals) = postSolution
		SolutionGuid = {2C1D453F-F2E5-4DF7-B040-1394DDDD30C5}
	EndGlobalSection
EndGlobal
